// !$*UTF8*$!
{
	archiveVersion = 1;
	classes = {
	};
	objectVersion = 46;
	objects = {

/* Begin PBXBuildFile section */
		9611BE341F7EE43C0090137E /* ArrayExtension.swift in Sources */ = {isa = PBXBuildFile; fileRef = 9611BE331F7EE43C0090137E /* ArrayExtension.swift */; };
		961E498F1EBF97A4002BABB9 /* CourseBrowserCell.swift in Sources */ = {isa = PBXBuildFile; fileRef = 961E498E1EBF97A4002BABB9 /* CourseBrowserCell.swift */; };
		961E49941EC6938F002BABB9 /* course_processor.py in Resources */ = {isa = PBXBuildFile; fileRef = 961E49931EC6938F002BABB9 /* course_processor.py */; };
		961E49FD1EC6A8CB002BABB9 /* CourseDetailsViewController.swift in Sources */ = {isa = PBXBuildFile; fileRef = 961E49FC1EC6A8CB002BABB9 /* CourseDetailsViewController.swift */; };
		961E49FF1EC7771D002BABB9 /* enrollment.txt in Resources */ = {isa = PBXBuildFile; fileRef = 961E49FE1EC7771D002BABB9 /* enrollment.txt */; };
		961E4A011EC7A8C5002BABB9 /* PanelViewController.swift in Sources */ = {isa = PBXBuildFile; fileRef = 961E4A001EC7A8C5002BABB9 /* PanelViewController.swift */; };
		961E4A031EC8082A002BABB9 /* FlatPushAnimator.swift in Sources */ = {isa = PBXBuildFile; fileRef = 961E4A021EC8082A002BABB9 /* FlatPushAnimator.swift */; };
		9626B6E11F8070EB009F6F96 /* StringExtension.swift in Sources */ = {isa = PBXBuildFile; fileRef = 9626B6E01F8070EB009F6F96 /* StringExtension.swift */; };
		9626B6E31F80A93F009F6F96 /* major6-7.reql in Resources */ = {isa = PBXBuildFile; fileRef = 9626B6E21F80A93F009F6F96 /* major6-7.reql */; };
		9626B6E61F815686009F6F96 /* RequirementsBrowserViewController.swift in Sources */ = {isa = PBXBuildFile; fileRef = 9626B6E51F815686009F6F96 /* RequirementsBrowserViewController.swift */; };
		9626B6E81F815692009F6F96 /* RequirementsListViewController.swift in Sources */ = {isa = PBXBuildFile; fileRef = 9626B6E71F815692009F6F96 /* RequirementsListViewController.swift */; };
		9626B6EA1F815917009F6F96 /* RequirementsList.swift in Sources */ = {isa = PBXBuildFile; fileRef = 9626B6E91F815917009F6F96 /* RequirementsList.swift */; };
		962DAD661F89A6180011D96F /* RootTabViewController.swift in Sources */ = {isa = PBXBuildFile; fileRef = 962DAD651F89A6180011D96F /* RootTabViewController.swift */; };
		9636DDE11F7894F300117A82 /* 1.txt in Resources */ = {isa = PBXBuildFile; fileRef = 9636DDB21F7894F300117A82 /* 1.txt */; };
		9636DDE21F7894F300117A82 /* 10.txt in Resources */ = {isa = PBXBuildFile; fileRef = 9636DDB31F7894F300117A82 /* 10.txt */; };
		9636DDE31F7894F300117A82 /* 11.txt in Resources */ = {isa = PBXBuildFile; fileRef = 9636DDB41F7894F300117A82 /* 11.txt */; };
		9636DDE41F7894F300117A82 /* 12.txt in Resources */ = {isa = PBXBuildFile; fileRef = 9636DDB51F7894F300117A82 /* 12.txt */; };
		9636DDE51F7894F300117A82 /* 14.txt in Resources */ = {isa = PBXBuildFile; fileRef = 9636DDB61F7894F300117A82 /* 14.txt */; };
		9636DDE61F7894F300117A82 /* 15.txt in Resources */ = {isa = PBXBuildFile; fileRef = 9636DDB71F7894F300117A82 /* 15.txt */; };
		9636DDE71F7894F300117A82 /* 16.txt in Resources */ = {isa = PBXBuildFile; fileRef = 9636DDB81F7894F300117A82 /* 16.txt */; };
		9636DDE81F7894F300117A82 /* 17.txt in Resources */ = {isa = PBXBuildFile; fileRef = 9636DDB91F7894F300117A82 /* 17.txt */; };
		9636DDE91F7894F300117A82 /* 18.txt in Resources */ = {isa = PBXBuildFile; fileRef = 9636DDBA1F7894F300117A82 /* 18.txt */; };
		9636DDEA1F7894F300117A82 /* 2.txt in Resources */ = {isa = PBXBuildFile; fileRef = 9636DDBB1F7894F300117A82 /* 2.txt */; };
		9636DDEB1F7894F300117A82 /* 20.txt in Resources */ = {isa = PBXBuildFile; fileRef = 9636DDBC1F7894F300117A82 /* 20.txt */; };
		9636DDEC1F7894F300117A82 /* 21.txt in Resources */ = {isa = PBXBuildFile; fileRef = 9636DDBD1F7894F300117A82 /* 21.txt */; };
		9636DDED1F7894F300117A82 /* 21A.txt in Resources */ = {isa = PBXBuildFile; fileRef = 9636DDBE1F7894F300117A82 /* 21A.txt */; };
		9636DDEE1F7894F300117A82 /* 21G.txt in Resources */ = {isa = PBXBuildFile; fileRef = 9636DDBF1F7894F300117A82 /* 21G.txt */; };
		9636DDEF1F7894F300117A82 /* 21H.txt in Resources */ = {isa = PBXBuildFile; fileRef = 9636DDC01F7894F300117A82 /* 21H.txt */; };
		9636DDF01F7894F300117A82 /* 21L.txt in Resources */ = {isa = PBXBuildFile; fileRef = 9636DDC11F7894F300117A82 /* 21L.txt */; };
		9636DDF11F7894F300117A82 /* 21M.txt in Resources */ = {isa = PBXBuildFile; fileRef = 9636DDC21F7894F300117A82 /* 21M.txt */; };
		9636DDF21F7894F300117A82 /* 21W.txt in Resources */ = {isa = PBXBuildFile; fileRef = 9636DDC31F7894F300117A82 /* 21W.txt */; };
		9636DDF31F7894F300117A82 /* 22.txt in Resources */ = {isa = PBXBuildFile; fileRef = 9636DDC41F7894F300117A82 /* 22.txt */; };
		9636DDF41F7894F300117A82 /* 24.txt in Resources */ = {isa = PBXBuildFile; fileRef = 9636DDC51F7894F300117A82 /* 24.txt */; };
		9636DDF51F7894F300117A82 /* 3.txt in Resources */ = {isa = PBXBuildFile; fileRef = 9636DDC61F7894F300117A82 /* 3.txt */; };
		9636DDF61F7894F300117A82 /* 4.txt in Resources */ = {isa = PBXBuildFile; fileRef = 9636DDC71F7894F300117A82 /* 4.txt */; };
		9636DDF71F7894F300117A82 /* 5.txt in Resources */ = {isa = PBXBuildFile; fileRef = 9636DDC81F7894F300117A82 /* 5.txt */; };
		9636DDF81F7894F300117A82 /* 6.txt in Resources */ = {isa = PBXBuildFile; fileRef = 9636DDC91F7894F300117A82 /* 6.txt */; };
		9636DDF91F7894F300117A82 /* 7.txt in Resources */ = {isa = PBXBuildFile; fileRef = 9636DDCA1F7894F300117A82 /* 7.txt */; };
		9636DDFA1F7894F300117A82 /* 8.txt in Resources */ = {isa = PBXBuildFile; fileRef = 9636DDCB1F7894F300117A82 /* 8.txt */; };
		9636DDFB1F7894F300117A82 /* 9.txt in Resources */ = {isa = PBXBuildFile; fileRef = 9636DDCC1F7894F300117A82 /* 9.txt */; };
		9636DDFC1F7894F300117A82 /* AS.txt in Resources */ = {isa = PBXBuildFile; fileRef = 9636DDCD1F7894F300117A82 /* AS.txt */; };
		9636DDFD1F7894F300117A82 /* CC.txt in Resources */ = {isa = PBXBuildFile; fileRef = 9636DDCE1F7894F300117A82 /* CC.txt */; };
		9636DDFE1F7894F300117A82 /* CMS.txt in Resources */ = {isa = PBXBuildFile; fileRef = 9636DDCF1F7894F300117A82 /* CMS.txt */; };
		9636DDFF1F7894F300117A82 /* condensed.txt in Resources */ = {isa = PBXBuildFile; fileRef = 9636DDD01F7894F300117A82 /* condensed.txt */; };
		9636DE001F7894F300117A82 /* courses.txt in Resources */ = {isa = PBXBuildFile; fileRef = 9636DDD11F7894F300117A82 /* courses.txt */; };
		9636DE011F7894F300117A82 /* CSB.txt in Resources */ = {isa = PBXBuildFile; fileRef = 9636DDD21F7894F300117A82 /* CSB.txt */; };
		9636DE021F7894F300117A82 /* EC.txt in Resources */ = {isa = PBXBuildFile; fileRef = 9636DDD31F7894F300117A82 /* EC.txt */; };
		9636DE031F7894F300117A82 /* EM.txt in Resources */ = {isa = PBXBuildFile; fileRef = 9636DDD41F7894F300117A82 /* EM.txt */; };
		9636DE041F7894F300117A82 /* ES.txt in Resources */ = {isa = PBXBuildFile; fileRef = 9636DDD51F7894F300117A82 /* ES.txt */; };
		9636DE051F7894F300117A82 /* HST.txt in Resources */ = {isa = PBXBuildFile; fileRef = 9636DDD61F7894F300117A82 /* HST.txt */; };
		9636DE061F7894F300117A82 /* IDS.txt in Resources */ = {isa = PBXBuildFile; fileRef = 9636DDD71F7894F300117A82 /* IDS.txt */; };
		9636DE071F7894F300117A82 /* MAS.txt in Resources */ = {isa = PBXBuildFile; fileRef = 9636DDD81F7894F300117A82 /* MAS.txt */; };
		9636DE081F7894F300117A82 /* MS.txt in Resources */ = {isa = PBXBuildFile; fileRef = 9636DDD91F7894F300117A82 /* MS.txt */; };
		9636DE091F7894F300117A82 /* NS.txt in Resources */ = {isa = PBXBuildFile; fileRef = 9636DDDA1F7894F300117A82 /* NS.txt */; };
		9636DE0A1F7894F300117A82 /* related.txt in Resources */ = {isa = PBXBuildFile; fileRef = 9636DDDB1F7894F300117A82 /* related.txt */; };
		9636DE0B1F7894F300117A82 /* SCM.txt in Resources */ = {isa = PBXBuildFile; fileRef = 9636DDDC1F7894F300117A82 /* SCM.txt */; };
		9636DE0C1F7894F300117A82 /* SP.txt in Resources */ = {isa = PBXBuildFile; fileRef = 9636DDDD1F7894F300117A82 /* SP.txt */; };
		9636DE0D1F7894F300117A82 /* STS.txt in Resources */ = {isa = PBXBuildFile; fileRef = 9636DDDE1F7894F300117A82 /* STS.txt */; };
		9636DE0E1F7894F400117A82 /* SWE.txt in Resources */ = {isa = PBXBuildFile; fileRef = 9636DDDF1F7894F300117A82 /* SWE.txt */; };
		9636DE0F1F7894F400117A82 /* WGS.txt in Resources */ = {isa = PBXBuildFile; fileRef = 9636DDE01F7894F300117A82 /* WGS.txt */; };
		963BE43B1F8AAA58008905AE /* MBProgressHUD.m in Sources */ = {isa = PBXBuildFile; fileRef = 963BE4391F8AAA57008905AE /* MBProgressHUD.m */; };
		9646CFD31EB921FE005F87CB /* AppDelegate.swift in Sources */ = {isa = PBXBuildFile; fileRef = 9646CFD21EB921FE005F87CB /* AppDelegate.swift */; };
		9646CFD51EB921FE005F87CB /* CatalogViewController.swift in Sources */ = {isa = PBXBuildFile; fileRef = 9646CFD41EB921FE005F87CB /* CatalogViewController.swift */; };
		9646CFD71EB921FE005F87CB /* CourseroadViewController.swift in Sources */ = {isa = PBXBuildFile; fileRef = 9646CFD61EB921FE005F87CB /* CourseroadViewController.swift */; };
		9646CFDA1EB921FE005F87CB /* Main.storyboard in Resources */ = {isa = PBXBuildFile; fileRef = 9646CFD81EB921FE005F87CB /* Main.storyboard */; };
		9646CFDC1EB921FE005F87CB /* Assets.xcassets in Resources */ = {isa = PBXBuildFile; fileRef = 9646CFDB1EB921FE005F87CB /* Assets.xcassets */; };
		9646CFDF1EB921FE005F87CB /* LaunchScreen.storyboard in Resources */ = {isa = PBXBuildFile; fileRef = 9646CFDD1EB921FE005F87CB /* LaunchScreen.storyboard */; };
		9646CFEA1EB921FF005F87CB /* FireRoadTests.swift in Sources */ = {isa = PBXBuildFile; fileRef = 9646CFE91EB921FF005F87CB /* FireRoadTests.swift */; };
		9646CFF51EB922C3005F87CB /* Course.swift in Sources */ = {isa = PBXBuildFile; fileRef = 9646CFF41EB922C3005F87CB /* Course.swift */; };
		9646CFF71EB9251A005F87CB /* CourseManager.swift in Sources */ = {isa = PBXBuildFile; fileRef = 9646CFF61EB9251A005F87CB /* CourseManager.swift */; };
		9646CFF91EB92525005F87CB /* User.swift in Sources */ = {isa = PBXBuildFile; fileRef = 9646CFF81EB92525005F87CB /* User.swift */; };
		96500EAE1F7A056400872F82 /* RoundedToolbarView.swift in Sources */ = {isa = PBXBuildFile; fileRef = 96500EAD1F7A056400872F82 /* RoundedToolbarView.swift */; };
		96500EB11F7C91C500872F82 /* CoreSpotlight.framework in Frameworks */ = {isa = PBXBuildFile; fileRef = 96500EB01F7C91C400872F82 /* CoreSpotlight.framework */; };
		96500EB31F7C91CA00872F82 /* MobileCoreServices.framework in Frameworks */ = {isa = PBXBuildFile; fileRef = 96500EB21F7C91CA00872F82 /* MobileCoreServices.framework */; };
		9659E38B1F89A93F00E55FA2 /* UIViewControllerExtension.swift in Sources */ = {isa = PBXBuildFile; fileRef = 9659E38A1F89A93F00E55FA2 /* UIViewControllerExtension.swift */; };
		9659E38D1F89B57700E55FA2 /* minor21m.reql in Resources */ = {isa = PBXBuildFile; fileRef = 9659E38C1F89B57700E55FA2 /* minor21m.reql */; };
		9659E38F1F89C09F00E55FA2 /* major9.reql in Resources */ = {isa = PBXBuildFile; fileRef = 9659E38E1F89C09F00E55FA2 /* major9.reql */; };
		965F31C01EBCC6440052C659 /* CourseBrowserViewController.swift in Sources */ = {isa = PBXBuildFile; fileRef = 965F31BF1EBCC6440052C659 /* CourseBrowserViewController.swift */; };
		9669C7B51F904CAD00E60D89 /* minor9.reql in Resources */ = {isa = PBXBuildFile; fileRef = 9669C7B41F904CAD00E60D89 /* minor9.reql */; };
		96897B181EC8F5500011E572 /* CourseListCell.swift in Sources */ = {isa = PBXBuildFile; fileRef = 96897B171EC8F5500011E572 /* CourseListCell.swift */; };
		968FE0581F75F86D0098E97F /* main.swift in Sources */ = {isa = PBXBuildFile; fileRef = 968FE0571F75F86D0098E97F /* main.swift */; };
		968FE05D1F75F93C0098E97F /* HTMLNodeExtractor.swift in Sources */ = {isa = PBXBuildFile; fileRef = 968FE05C1F75F93C0098E97F /* HTMLNodeExtractor.swift */; };
		96C82F1A1EDB222900423C53 /* CourseThumbnailCell.swift in Sources */ = {isa = PBXBuildFile; fileRef = 96C82F191EDB222900423C53 /* CourseThumbnailCell.swift */; };
		96F194B61F78178600DA8D95 /* CourseCatalogParser.swift in Sources */ = {isa = PBXBuildFile; fileRef = 96F194B51F78178600DA8D95 /* CourseCatalogParser.swift */; };
/* End PBXBuildFile section */

/* Begin PBXContainerItemProxy section */
		9646CFE61EB921FF005F87CB /* PBXContainerItemProxy */ = {
			isa = PBXContainerItemProxy;
			containerPortal = 9646CFC71EB921FE005F87CB /* Project object */;
			proxyType = 1;
			remoteGlobalIDString = 9646CFCE1EB921FE005F87CB;
			remoteInfo = FireRoad;
		};
/* End PBXContainerItemProxy section */

/* Begin PBXCopyFilesBuildPhase section */
		968FE0531F75F86D0098E97F /* CopyFiles */ = {
			isa = PBXCopyFilesBuildPhase;
			buildActionMask = 2147483647;
			dstPath = /usr/share/man/man1/;
			dstSubfolderSpec = 0;
			files = (
			);
			runOnlyForDeploymentPostprocessing = 1;
		};
/* End PBXCopyFilesBuildPhase section */

/* Begin PBXFileReference section */
		9611BE331F7EE43C0090137E /* ArrayExtension.swift */ = {isa = PBXFileReference; lastKnownFileType = sourcecode.swift; path = ArrayExtension.swift; sourceTree = "<group>"; };
		961E498E1EBF97A4002BABB9 /* CourseBrowserCell.swift */ = {isa = PBXFileReference; fileEncoding = 4; lastKnownFileType = sourcecode.swift; path = CourseBrowserCell.swift; sourceTree = "<group>"; };
		961E49931EC6938F002BABB9 /* course_processor.py */ = {isa = PBXFileReference; fileEncoding = 4; lastKnownFileType = text.script.python; path = course_processor.py; sourceTree = "<group>"; };
		961E49FC1EC6A8CB002BABB9 /* CourseDetailsViewController.swift */ = {isa = PBXFileReference; fileEncoding = 4; lastKnownFileType = sourcecode.swift; path = CourseDetailsViewController.swift; sourceTree = "<group>"; };
		961E49FE1EC7771D002BABB9 /* enrollment.txt */ = {isa = PBXFileReference; fileEncoding = 4; lastKnownFileType = text; path = enrollment.txt; sourceTree = "<group>"; };
		961E4A001EC7A8C5002BABB9 /* PanelViewController.swift */ = {isa = PBXFileReference; fileEncoding = 4; lastKnownFileType = sourcecode.swift; path = PanelViewController.swift; sourceTree = "<group>"; };
		961E4A021EC8082A002BABB9 /* FlatPushAnimator.swift */ = {isa = PBXFileReference; fileEncoding = 4; lastKnownFileType = sourcecode.swift; path = FlatPushAnimator.swift; sourceTree = "<group>"; };
		9626B6E01F8070EB009F6F96 /* StringExtension.swift */ = {isa = PBXFileReference; lastKnownFileType = sourcecode.swift; path = StringExtension.swift; sourceTree = "<group>"; };
		9626B6E21F80A93F009F6F96 /* major6-7.reql */ = {isa = PBXFileReference; lastKnownFileType = text; path = "major6-7.reql"; sourceTree = "<group>"; };
		9626B6E41F80AF1F009F6F96 /* course_requirements_spec.md */ = {isa = PBXFileReference; lastKnownFileType = net.daringfireball.markdown; path = course_requirements_spec.md; sourceTree = "<group>"; };
		9626B6E51F815686009F6F96 /* RequirementsBrowserViewController.swift */ = {isa = PBXFileReference; lastKnownFileType = sourcecode.swift; path = RequirementsBrowserViewController.swift; sourceTree = "<group>"; };
		9626B6E71F815692009F6F96 /* RequirementsListViewController.swift */ = {isa = PBXFileReference; lastKnownFileType = sourcecode.swift; path = RequirementsListViewController.swift; sourceTree = "<group>"; };
		9626B6E91F815917009F6F96 /* RequirementsList.swift */ = {isa = PBXFileReference; lastKnownFileType = sourcecode.swift; path = RequirementsList.swift; sourceTree = "<group>"; };
		962DAD651F89A6180011D96F /* RootTabViewController.swift */ = {isa = PBXFileReference; lastKnownFileType = sourcecode.swift; path = RootTabViewController.swift; sourceTree = "<group>"; };
		9636DDB21F7894F300117A82 /* 1.txt */ = {isa = PBXFileReference; fileEncoding = 4; lastKnownFileType = text; path = 1.txt; sourceTree = "<group>"; };
		9636DDB31F7894F300117A82 /* 10.txt */ = {isa = PBXFileReference; fileEncoding = 4; lastKnownFileType = text; path = 10.txt; sourceTree = "<group>"; };
		9636DDB41F7894F300117A82 /* 11.txt */ = {isa = PBXFileReference; fileEncoding = 4; lastKnownFileType = text; path = 11.txt; sourceTree = "<group>"; };
		9636DDB51F7894F300117A82 /* 12.txt */ = {isa = PBXFileReference; fileEncoding = 4; lastKnownFileType = text; path = 12.txt; sourceTree = "<group>"; };
		9636DDB61F7894F300117A82 /* 14.txt */ = {isa = PBXFileReference; fileEncoding = 4; lastKnownFileType = text; path = 14.txt; sourceTree = "<group>"; };
		9636DDB71F7894F300117A82 /* 15.txt */ = {isa = PBXFileReference; fileEncoding = 4; lastKnownFileType = text; path = 15.txt; sourceTree = "<group>"; };
		9636DDB81F7894F300117A82 /* 16.txt */ = {isa = PBXFileReference; fileEncoding = 4; lastKnownFileType = text; path = 16.txt; sourceTree = "<group>"; };
		9636DDB91F7894F300117A82 /* 17.txt */ = {isa = PBXFileReference; fileEncoding = 4; lastKnownFileType = text; path = 17.txt; sourceTree = "<group>"; };
		9636DDBA1F7894F300117A82 /* 18.txt */ = {isa = PBXFileReference; fileEncoding = 4; lastKnownFileType = text; path = 18.txt; sourceTree = "<group>"; };
		9636DDBB1F7894F300117A82 /* 2.txt */ = {isa = PBXFileReference; fileEncoding = 4; lastKnownFileType = text; path = 2.txt; sourceTree = "<group>"; };
		9636DDBC1F7894F300117A82 /* 20.txt */ = {isa = PBXFileReference; fileEncoding = 4; lastKnownFileType = text; path = 20.txt; sourceTree = "<group>"; };
		9636DDBD1F7894F300117A82 /* 21.txt */ = {isa = PBXFileReference; fileEncoding = 4; lastKnownFileType = text; path = 21.txt; sourceTree = "<group>"; };
		9636DDBE1F7894F300117A82 /* 21A.txt */ = {isa = PBXFileReference; fileEncoding = 4; lastKnownFileType = text; path = 21A.txt; sourceTree = "<group>"; };
		9636DDBF1F7894F300117A82 /* 21G.txt */ = {isa = PBXFileReference; fileEncoding = 4; lastKnownFileType = text; path = 21G.txt; sourceTree = "<group>"; };
		9636DDC01F7894F300117A82 /* 21H.txt */ = {isa = PBXFileReference; fileEncoding = 4; lastKnownFileType = text; path = 21H.txt; sourceTree = "<group>"; };
		9636DDC11F7894F300117A82 /* 21L.txt */ = {isa = PBXFileReference; fileEncoding = 4; lastKnownFileType = text; path = 21L.txt; sourceTree = "<group>"; };
		9636DDC21F7894F300117A82 /* 21M.txt */ = {isa = PBXFileReference; fileEncoding = 4; lastKnownFileType = text; path = 21M.txt; sourceTree = "<group>"; };
		9636DDC31F7894F300117A82 /* 21W.txt */ = {isa = PBXFileReference; fileEncoding = 4; lastKnownFileType = text; path = 21W.txt; sourceTree = "<group>"; };
		9636DDC41F7894F300117A82 /* 22.txt */ = {isa = PBXFileReference; fileEncoding = 4; lastKnownFileType = text; path = 22.txt; sourceTree = "<group>"; };
		9636DDC51F7894F300117A82 /* 24.txt */ = {isa = PBXFileReference; fileEncoding = 4; lastKnownFileType = text; path = 24.txt; sourceTree = "<group>"; };
		9636DDC61F7894F300117A82 /* 3.txt */ = {isa = PBXFileReference; fileEncoding = 4; lastKnownFileType = text; path = 3.txt; sourceTree = "<group>"; };
		9636DDC71F7894F300117A82 /* 4.txt */ = {isa = PBXFileReference; fileEncoding = 4; lastKnownFileType = text; path = 4.txt; sourceTree = "<group>"; };
		9636DDC81F7894F300117A82 /* 5.txt */ = {isa = PBXFileReference; fileEncoding = 4; lastKnownFileType = text; path = 5.txt; sourceTree = "<group>"; };
		9636DDC91F7894F300117A82 /* 6.txt */ = {isa = PBXFileReference; fileEncoding = 4; lastKnownFileType = text; path = 6.txt; sourceTree = "<group>"; };
		9636DDCA1F7894F300117A82 /* 7.txt */ = {isa = PBXFileReference; fileEncoding = 4; lastKnownFileType = text; path = 7.txt; sourceTree = "<group>"; };
		9636DDCB1F7894F300117A82 /* 8.txt */ = {isa = PBXFileReference; fileEncoding = 4; lastKnownFileType = text; path = 8.txt; sourceTree = "<group>"; };
		9636DDCC1F7894F300117A82 /* 9.txt */ = {isa = PBXFileReference; fileEncoding = 4; lastKnownFileType = text; path = 9.txt; sourceTree = "<group>"; };
		9636DDCD1F7894F300117A82 /* AS.txt */ = {isa = PBXFileReference; fileEncoding = 4; lastKnownFileType = text; path = AS.txt; sourceTree = "<group>"; };
		9636DDCE1F7894F300117A82 /* CC.txt */ = {isa = PBXFileReference; fileEncoding = 4; lastKnownFileType = text; path = CC.txt; sourceTree = "<group>"; };
		9636DDCF1F7894F300117A82 /* CMS.txt */ = {isa = PBXFileReference; fileEncoding = 4; lastKnownFileType = text; path = CMS.txt; sourceTree = "<group>"; };
		9636DDD01F7894F300117A82 /* condensed.txt */ = {isa = PBXFileReference; fileEncoding = 4; lastKnownFileType = text; path = condensed.txt; sourceTree = "<group>"; };
		9636DDD11F7894F300117A82 /* courses.txt */ = {isa = PBXFileReference; fileEncoding = 4; lastKnownFileType = text; path = courses.txt; sourceTree = "<group>"; };
		9636DDD21F7894F300117A82 /* CSB.txt */ = {isa = PBXFileReference; fileEncoding = 4; lastKnownFileType = text; path = CSB.txt; sourceTree = "<group>"; };
		9636DDD31F7894F300117A82 /* EC.txt */ = {isa = PBXFileReference; fileEncoding = 4; lastKnownFileType = text; path = EC.txt; sourceTree = "<group>"; };
		9636DDD41F7894F300117A82 /* EM.txt */ = {isa = PBXFileReference; fileEncoding = 4; lastKnownFileType = text; path = EM.txt; sourceTree = "<group>"; };
		9636DDD51F7894F300117A82 /* ES.txt */ = {isa = PBXFileReference; fileEncoding = 4; lastKnownFileType = text; path = ES.txt; sourceTree = "<group>"; };
		9636DDD61F7894F300117A82 /* HST.txt */ = {isa = PBXFileReference; fileEncoding = 4; lastKnownFileType = text; path = HST.txt; sourceTree = "<group>"; };
		9636DDD71F7894F300117A82 /* IDS.txt */ = {isa = PBXFileReference; fileEncoding = 4; lastKnownFileType = text; path = IDS.txt; sourceTree = "<group>"; };
		9636DDD81F7894F300117A82 /* MAS.txt */ = {isa = PBXFileReference; fileEncoding = 4; lastKnownFileType = text; path = MAS.txt; sourceTree = "<group>"; };
		9636DDD91F7894F300117A82 /* MS.txt */ = {isa = PBXFileReference; fileEncoding = 4; lastKnownFileType = text; path = MS.txt; sourceTree = "<group>"; };
		9636DDDA1F7894F300117A82 /* NS.txt */ = {isa = PBXFileReference; fileEncoding = 4; lastKnownFileType = text; path = NS.txt; sourceTree = "<group>"; };
		9636DDDB1F7894F300117A82 /* related.txt */ = {isa = PBXFileReference; fileEncoding = 4; lastKnownFileType = text; path = related.txt; sourceTree = "<group>"; };
		9636DDDC1F7894F300117A82 /* SCM.txt */ = {isa = PBXFileReference; fileEncoding = 4; lastKnownFileType = text; path = SCM.txt; sourceTree = "<group>"; };
		9636DDDD1F7894F300117A82 /* SP.txt */ = {isa = PBXFileReference; fileEncoding = 4; lastKnownFileType = text; path = SP.txt; sourceTree = "<group>"; };
		9636DDDE1F7894F300117A82 /* STS.txt */ = {isa = PBXFileReference; fileEncoding = 4; lastKnownFileType = text; path = STS.txt; sourceTree = "<group>"; };
		9636DDDF1F7894F300117A82 /* SWE.txt */ = {isa = PBXFileReference; fileEncoding = 4; lastKnownFileType = text; path = SWE.txt; sourceTree = "<group>"; };
		9636DDE01F7894F300117A82 /* WGS.txt */ = {isa = PBXFileReference; fileEncoding = 4; lastKnownFileType = text; path = WGS.txt; sourceTree = "<group>"; };
		963BE4381F8AAA57008905AE /* FireRoad-Bridging-Header.h */ = {isa = PBXFileReference; lastKnownFileType = sourcecode.c.h; path = "FireRoad-Bridging-Header.h"; sourceTree = "<group>"; };
		963BE4391F8AAA57008905AE /* MBProgressHUD.m */ = {isa = PBXFileReference; fileEncoding = 4; lastKnownFileType = sourcecode.c.objc; name = MBProgressHUD.m; path = "../../../../Downloads/MBProgressHUD-master/MBProgressHUD.m"; sourceTree = "<group>"; };
		963BE43A1F8AAA57008905AE /* MBProgressHUD.h */ = {isa = PBXFileReference; fileEncoding = 4; lastKnownFileType = sourcecode.c.h; name = MBProgressHUD.h; path = "../../../../Downloads/MBProgressHUD-master/MBProgressHUD.h"; sourceTree = "<group>"; };
		9646CFCF1EB921FE005F87CB /* FireRoad.app */ = {isa = PBXFileReference; explicitFileType = wrapper.application; includeInIndex = 0; path = FireRoad.app; sourceTree = BUILT_PRODUCTS_DIR; };
		9646CFD21EB921FE005F87CB /* AppDelegate.swift */ = {isa = PBXFileReference; lastKnownFileType = sourcecode.swift; path = AppDelegate.swift; sourceTree = "<group>"; };
		9646CFD41EB921FE005F87CB /* CatalogViewController.swift */ = {isa = PBXFileReference; lastKnownFileType = sourcecode.swift; path = CatalogViewController.swift; sourceTree = "<group>"; };
		9646CFD61EB921FE005F87CB /* CourseroadViewController.swift */ = {isa = PBXFileReference; lastKnownFileType = sourcecode.swift; path = CourseroadViewController.swift; sourceTree = "<group>"; };
		9646CFD91EB921FE005F87CB /* Base */ = {isa = PBXFileReference; lastKnownFileType = file.storyboard; name = Base; path = Base.lproj/Main.storyboard; sourceTree = "<group>"; };
		9646CFDB1EB921FE005F87CB /* Assets.xcassets */ = {isa = PBXFileReference; lastKnownFileType = folder.assetcatalog; path = Assets.xcassets; sourceTree = "<group>"; };
		9646CFDE1EB921FE005F87CB /* Base */ = {isa = PBXFileReference; lastKnownFileType = file.storyboard; name = Base; path = Base.lproj/LaunchScreen.storyboard; sourceTree = "<group>"; };
		9646CFE01EB921FE005F87CB /* Info.plist */ = {isa = PBXFileReference; lastKnownFileType = text.plist.xml; path = Info.plist; sourceTree = "<group>"; };
		9646CFE51EB921FF005F87CB /* FireRoadTests.xctest */ = {isa = PBXFileReference; explicitFileType = wrapper.cfbundle; includeInIndex = 0; path = FireRoadTests.xctest; sourceTree = BUILT_PRODUCTS_DIR; };
		9646CFE91EB921FF005F87CB /* FireRoadTests.swift */ = {isa = PBXFileReference; lastKnownFileType = sourcecode.swift; path = FireRoadTests.swift; sourceTree = "<group>"; };
		9646CFEB1EB921FF005F87CB /* Info.plist */ = {isa = PBXFileReference; lastKnownFileType = text.plist.xml; path = Info.plist; sourceTree = "<group>"; };
		9646CFF41EB922C3005F87CB /* Course.swift */ = {isa = PBXFileReference; fileEncoding = 4; lastKnownFileType = sourcecode.swift; path = Course.swift; sourceTree = "<group>"; };
		9646CFF61EB9251A005F87CB /* CourseManager.swift */ = {isa = PBXFileReference; fileEncoding = 4; lastKnownFileType = sourcecode.swift; path = CourseManager.swift; sourceTree = "<group>"; };
		9646CFF81EB92525005F87CB /* User.swift */ = {isa = PBXFileReference; fileEncoding = 4; lastKnownFileType = sourcecode.swift; path = User.swift; sourceTree = "<group>"; };
		96500EAD1F7A056400872F82 /* RoundedToolbarView.swift */ = {isa = PBXFileReference; lastKnownFileType = sourcecode.swift; path = RoundedToolbarView.swift; sourceTree = "<group>"; };
		96500EB01F7C91C400872F82 /* CoreSpotlight.framework */ = {isa = PBXFileReference; lastKnownFileType = wrapper.framework; name = CoreSpotlight.framework; path = System/Library/Frameworks/CoreSpotlight.framework; sourceTree = SDKROOT; };
		96500EB21F7C91CA00872F82 /* MobileCoreServices.framework */ = {isa = PBXFileReference; lastKnownFileType = wrapper.framework; name = MobileCoreServices.framework; path = System/Library/Frameworks/MobileCoreServices.framework; sourceTree = SDKROOT; };
		9659E38A1F89A93F00E55FA2 /* UIViewControllerExtension.swift */ = {isa = PBXFileReference; lastKnownFileType = sourcecode.swift; path = UIViewControllerExtension.swift; sourceTree = "<group>"; };
		9659E38C1F89B57700E55FA2 /* minor21m.reql */ = {isa = PBXFileReference; lastKnownFileType = text; path = minor21m.reql; sourceTree = "<group>"; };
		9659E38E1F89C09F00E55FA2 /* major9.reql */ = {isa = PBXFileReference; lastKnownFileType = text; path = major9.reql; sourceTree = "<group>"; };
		965F31BF1EBCC6440052C659 /* CourseBrowserViewController.swift */ = {isa = PBXFileReference; fileEncoding = 4; lastKnownFileType = sourcecode.swift; path = CourseBrowserViewController.swift; sourceTree = "<group>"; };
		9669C7B41F904CAD00E60D89 /* minor9.reql */ = {isa = PBXFileReference; lastKnownFileType = text; path = minor9.reql; sourceTree = "<group>"; };
		96897B171EC8F5500011E572 /* CourseListCell.swift */ = {isa = PBXFileReference; fileEncoding = 4; lastKnownFileType = sourcecode.swift; path = CourseListCell.swift; sourceTree = "<group>"; };
		968FE0551F75F86D0098E97F /* CourseCatalogScrubber */ = {isa = PBXFileReference; explicitFileType = "compiled.mach-o.executable"; includeInIndex = 0; path = CourseCatalogScrubber; sourceTree = BUILT_PRODUCTS_DIR; };
		968FE0571F75F86D0098E97F /* main.swift */ = {isa = PBXFileReference; lastKnownFileType = sourcecode.swift; path = main.swift; sourceTree = "<group>"; };
		968FE05C1F75F93C0098E97F /* HTMLNodeExtractor.swift */ = {isa = PBXFileReference; fileEncoding = 4; lastKnownFileType = sourcecode.swift; path = HTMLNodeExtractor.swift; sourceTree = "<group>"; };
		968FE05E1F75FE270098E97F /* test_html.txt */ = {isa = PBXFileReference; fileEncoding = 4; lastKnownFileType = text; path = test_html.txt; sourceTree = "<group>"; };
		96C82F191EDB222900423C53 /* CourseThumbnailCell.swift */ = {isa = PBXFileReference; fileEncoding = 4; lastKnownFileType = sourcecode.swift; path = CourseThumbnailCell.swift; sourceTree = "<group>"; };
		96F194B51F78178600DA8D95 /* CourseCatalogParser.swift */ = {isa = PBXFileReference; fileEncoding = 4; lastKnownFileType = sourcecode.swift; path = CourseCatalogParser.swift; sourceTree = "<group>"; };
/* End PBXFileReference section */

/* Begin PBXFrameworksBuildPhase section */
		9646CFCC1EB921FE005F87CB /* Frameworks */ = {
			isa = PBXFrameworksBuildPhase;
			buildActionMask = 2147483647;
			files = (
				96500EB31F7C91CA00872F82 /* MobileCoreServices.framework in Frameworks */,
				96500EB11F7C91C500872F82 /* CoreSpotlight.framework in Frameworks */,
			);
			runOnlyForDeploymentPostprocessing = 0;
		};
		9646CFE21EB921FF005F87CB /* Frameworks */ = {
			isa = PBXFrameworksBuildPhase;
			buildActionMask = 2147483647;
			files = (
			);
			runOnlyForDeploymentPostprocessing = 0;
		};
		968FE0521F75F86D0098E97F /* Frameworks */ = {
			isa = PBXFrameworksBuildPhase;
			buildActionMask = 2147483647;
			files = (
			);
			runOnlyForDeploymentPostprocessing = 0;
		};
/* End PBXFrameworksBuildPhase section */

/* Begin PBXGroup section */
		9636DDB11F7894F300117A82 /* scraped_course_data */ = {
			isa = PBXGroup;
			children = (
				9636DDB21F7894F300117A82 /* 1.txt */,
				9636DDB31F7894F300117A82 /* 10.txt */,
				9636DDB41F7894F300117A82 /* 11.txt */,
				9636DDB51F7894F300117A82 /* 12.txt */,
				9636DDB61F7894F300117A82 /* 14.txt */,
				9636DDB71F7894F300117A82 /* 15.txt */,
				9636DDB81F7894F300117A82 /* 16.txt */,
				9636DDB91F7894F300117A82 /* 17.txt */,
				9636DDBA1F7894F300117A82 /* 18.txt */,
				9636DDBB1F7894F300117A82 /* 2.txt */,
				9636DDBC1F7894F300117A82 /* 20.txt */,
				9636DDBD1F7894F300117A82 /* 21.txt */,
				9636DDBE1F7894F300117A82 /* 21A.txt */,
				9636DDBF1F7894F300117A82 /* 21G.txt */,
				9636DDC01F7894F300117A82 /* 21H.txt */,
				9636DDC11F7894F300117A82 /* 21L.txt */,
				9636DDC21F7894F300117A82 /* 21M.txt */,
				9636DDC31F7894F300117A82 /* 21W.txt */,
				9636DDC41F7894F300117A82 /* 22.txt */,
				9636DDC51F7894F300117A82 /* 24.txt */,
				9636DDC61F7894F300117A82 /* 3.txt */,
				9636DDC71F7894F300117A82 /* 4.txt */,
				9636DDC81F7894F300117A82 /* 5.txt */,
				9636DDC91F7894F300117A82 /* 6.txt */,
				9636DDCA1F7894F300117A82 /* 7.txt */,
				9636DDCB1F7894F300117A82 /* 8.txt */,
				9636DDCC1F7894F300117A82 /* 9.txt */,
				9636DDCD1F7894F300117A82 /* AS.txt */,
				9636DDCE1F7894F300117A82 /* CC.txt */,
				9636DDCF1F7894F300117A82 /* CMS.txt */,
				9636DDD01F7894F300117A82 /* condensed.txt */,
				9636DDD11F7894F300117A82 /* courses.txt */,
				9636DDD21F7894F300117A82 /* CSB.txt */,
				9636DDD31F7894F300117A82 /* EC.txt */,
				9636DDD41F7894F300117A82 /* EM.txt */,
				9636DDD51F7894F300117A82 /* ES.txt */,
				9636DDD61F7894F300117A82 /* HST.txt */,
				9636DDD71F7894F300117A82 /* IDS.txt */,
				9636DDD81F7894F300117A82 /* MAS.txt */,
				9636DDD91F7894F300117A82 /* MS.txt */,
				9636DDDA1F7894F300117A82 /* NS.txt */,
				9636DDDB1F7894F300117A82 /* related.txt */,
				9636DDDC1F7894F300117A82 /* SCM.txt */,
				9636DDDD1F7894F300117A82 /* SP.txt */,
				9636DDDE1F7894F300117A82 /* STS.txt */,
				9636DDDF1F7894F300117A82 /* SWE.txt */,
				9636DDE01F7894F300117A82 /* WGS.txt */,
			);
			path = scraped_course_data;
			sourceTree = "<group>";
		};
		9646CFC61EB921FE005F87CB = {
			isa = PBXGroup;
			children = (
				9646CFD11EB921FE005F87CB /* FireRoad */,
				9646CFE81EB921FF005F87CB /* FireRoadTests */,
				968FE0561F75F86D0098E97F /* CourseCatalogScrubber */,
				9646CFD01EB921FE005F87CB /* Products */,
				96500EAF1F7C91C400872F82 /* Frameworks */,
			);
			sourceTree = "<group>";
		};
		9646CFD01EB921FE005F87CB /* Products */ = {
			isa = PBXGroup;
			children = (
				9646CFCF1EB921FE005F87CB /* FireRoad.app */,
				9646CFE51EB921FF005F87CB /* FireRoadTests.xctest */,
				968FE0551F75F86D0098E97F /* CourseCatalogScrubber */,
			);
			name = Products;
			sourceTree = "<group>";
		};
		9646CFD11EB921FE005F87CB /* FireRoad */ = {
			isa = PBXGroup;
			children = (
				9646CFD21EB921FE005F87CB /* AppDelegate.swift */,
				962DAD651F89A6180011D96F /* RootTabViewController.swift */,
				9646CFD41EB921FE005F87CB /* CatalogViewController.swift */,
				9646CFD61EB921FE005F87CB /* CourseroadViewController.swift */,
				961E4A001EC7A8C5002BABB9 /* PanelViewController.swift */,
				96500EAD1F7A056400872F82 /* RoundedToolbarView.swift */,
				965F31BF1EBCC6440052C659 /* CourseBrowserViewController.swift */,
				961E498E1EBF97A4002BABB9 /* CourseBrowserCell.swift */,
				96C82F191EDB222900423C53 /* CourseThumbnailCell.swift */,
				961E49FC1EC6A8CB002BABB9 /* CourseDetailsViewController.swift */,
				961E4A021EC8082A002BABB9 /* FlatPushAnimator.swift */,
				9646CFF61EB9251A005F87CB /* CourseManager.swift */,
				9646CFF41EB922C3005F87CB /* Course.swift */,
				9646CFF81EB92525005F87CB /* User.swift */,
				96897B171EC8F5500011E572 /* CourseListCell.swift */,
				9611BE331F7EE43C0090137E /* ArrayExtension.swift */,
				9626B6E01F8070EB009F6F96 /* StringExtension.swift */,
				9659E38A1F89A93F00E55FA2 /* UIViewControllerExtension.swift */,
				9626B6E51F815686009F6F96 /* RequirementsBrowserViewController.swift */,
				9626B6E71F815692009F6F96 /* RequirementsListViewController.swift */,
				9626B6E91F815917009F6F96 /* RequirementsList.swift */,
				9646CFD81EB921FE005F87CB /* Main.storyboard */,
				9646CFDB1EB921FE005F87CB /* Assets.xcassets */,
				9646CFDD1EB921FE005F87CB /* LaunchScreen.storyboard */,
				9646CFE01EB921FE005F87CB /* Info.plist */,
				961E49FE1EC7771D002BABB9 /* enrollment.txt */,
				963BE43A1F8AAA57008905AE /* MBProgressHUD.h */,
				963BE4391F8AAA57008905AE /* MBProgressHUD.m */,
				9659E3901F89C24600E55FA2 /* Requirements Lists */,
				9626B6E41F80AF1F009F6F96 /* course_requirements_spec.md */,
				9636DDB11F7894F300117A82 /* scraped_course_data */,
				961E49931EC6938F002BABB9 /* course_processor.py */,
				963BE4381F8AAA57008905AE /* FireRoad-Bridging-Header.h */,
			);
			path = FireRoad;
			sourceTree = "<group>";
		};
		9646CFE81EB921FF005F87CB /* FireRoadTests */ = {
			isa = PBXGroup;
			children = (
				9646CFE91EB921FF005F87CB /* FireRoadTests.swift */,
				9646CFEB1EB921FF005F87CB /* Info.plist */,
			);
			path = FireRoadTests;
			sourceTree = "<group>";
		};
		96500EAF1F7C91C400872F82 /* Frameworks */ = {
			isa = PBXGroup;
			children = (
				96500EB21F7C91CA00872F82 /* MobileCoreServices.framework */,
				96500EB01F7C91C400872F82 /* CoreSpotlight.framework */,
			);
			name = Frameworks;
			sourceTree = "<group>";
		};
		9659E3901F89C24600E55FA2 /* Requirements Lists */ = {
			isa = PBXGroup;
			children = (
				9626B6E21F80A93F009F6F96 /* major6-7.reql */,
				9659E38C1F89B57700E55FA2 /* minor21m.reql */,
				9659E38E1F89C09F00E55FA2 /* major9.reql */,
				9669C7B41F904CAD00E60D89 /* minor9.reql */,
			);
			path = "Requirements Lists";
			sourceTree = "<group>";
		};
		968FE0561F75F86D0098E97F /* CourseCatalogScrubber */ = {
			isa = PBXGroup;
			children = (
				968FE0571F75F86D0098E97F /* main.swift */,
				968FE05C1F75F93C0098E97F /* HTMLNodeExtractor.swift */,
				96F194B51F78178600DA8D95 /* CourseCatalogParser.swift */,
				968FE05E1F75FE270098E97F /* test_html.txt */,
			);
			path = CourseCatalogScrubber;
			sourceTree = "<group>";
		};
/* End PBXGroup section */

/* Begin PBXNativeTarget section */
		9646CFCE1EB921FE005F87CB /* FireRoad */ = {
			isa = PBXNativeTarget;
			buildConfigurationList = 9646CFEE1EB921FF005F87CB /* Build configuration list for PBXNativeTarget "FireRoad" */;
			buildPhases = (
				9646CFCB1EB921FE005F87CB /* Sources */,
				9646CFCC1EB921FE005F87CB /* Frameworks */,
				9646CFCD1EB921FE005F87CB /* Resources */,
			);
			buildRules = (
			);
			dependencies = (
			);
			name = FireRoad;
			productName = FireRoad;
			productReference = 9646CFCF1EB921FE005F87CB /* FireRoad.app */;
			productType = "com.apple.product-type.application";
		};
		9646CFE41EB921FF005F87CB /* FireRoadTests */ = {
			isa = PBXNativeTarget;
			buildConfigurationList = 9646CFF11EB921FF005F87CB /* Build configuration list for PBXNativeTarget "FireRoadTests" */;
			buildPhases = (
				9646CFE11EB921FF005F87CB /* Sources */,
				9646CFE21EB921FF005F87CB /* Frameworks */,
				9646CFE31EB921FF005F87CB /* Resources */,
			);
			buildRules = (
			);
			dependencies = (
				9646CFE71EB921FF005F87CB /* PBXTargetDependency */,
			);
			name = FireRoadTests;
			productName = FireRoadTests;
			productReference = 9646CFE51EB921FF005F87CB /* FireRoadTests.xctest */;
			productType = "com.apple.product-type.bundle.unit-test";
		};
		968FE0541F75F86D0098E97F /* CourseCatalogScrubber */ = {
			isa = PBXNativeTarget;
			buildConfigurationList = 968FE05B1F75F86D0098E97F /* Build configuration list for PBXNativeTarget "CourseCatalogScrubber" */;
			buildPhases = (
				968FE0511F75F86D0098E97F /* Sources */,
				968FE0521F75F86D0098E97F /* Frameworks */,
				968FE0531F75F86D0098E97F /* CopyFiles */,
			);
			buildRules = (
			);
			dependencies = (
			);
			name = CourseCatalogScrubber;
			productName = CourseCatalogScrubber;
			productReference = 968FE0551F75F86D0098E97F /* CourseCatalogScrubber */;
			productType = "com.apple.product-type.tool";
		};
/* End PBXNativeTarget section */

/* Begin PBXProject section */
		9646CFC71EB921FE005F87CB /* Project object */ = {
			isa = PBXProject;
			attributes = {
				LastSwiftUpdateCheck = 0830;
				LastUpgradeCheck = 0900;
				ORGANIZATIONNAME = "Base 12 Innovations";
				TargetAttributes = {
					9646CFCE1EB921FE005F87CB = {
						CreatedOnToolsVersion = 8.3.1;
						DevelopmentTeam = PTB6T29SN3;
						LastSwiftMigration = 0900;
						ProvisioningStyle = Automatic;
					};
					9646CFE41EB921FF005F87CB = {
						CreatedOnToolsVersion = 8.3.1;
						DevelopmentTeam = PTB6T29SN3;
						LastSwiftMigration = 0900;
						ProvisioningStyle = Automatic;
						TestTargetID = 9646CFCE1EB921FE005F87CB;
					};
					968FE0541F75F86D0098E97F = {
						CreatedOnToolsVersion = 8.3.3;
						DevelopmentTeam = PTB6T29SN3;
						LastSwiftMigration = 0900;
						ProvisioningStyle = Automatic;
					};
				};
			};
			buildConfigurationList = 9646CFCA1EB921FE005F87CB /* Build configuration list for PBXProject "FireRoad" */;
			compatibilityVersion = "Xcode 3.2";
			developmentRegion = English;
			hasScannedForEncodings = 0;
			knownRegions = (
				en,
				Base,
			);
			mainGroup = 9646CFC61EB921FE005F87CB;
			productRefGroup = 9646CFD01EB921FE005F87CB /* Products */;
			projectDirPath = "";
			projectRoot = "";
			targets = (
				9646CFCE1EB921FE005F87CB /* FireRoad */,
				9646CFE41EB921FF005F87CB /* FireRoadTests */,
				968FE0541F75F86D0098E97F /* CourseCatalogScrubber */,
			);
		};
/* End PBXProject section */

/* Begin PBXResourcesBuildPhase section */
		9646CFCD1EB921FE005F87CB /* Resources */ = {
			isa = PBXResourcesBuildPhase;
			buildActionMask = 2147483647;
			files = (
				9636DE0D1F7894F300117A82 /* STS.txt in Resources */,
				9636DE051F7894F300117A82 /* HST.txt in Resources */,
				9659E38F1F89C09F00E55FA2 /* major9.reql in Resources */,
				9636DDFD1F7894F300117A82 /* CC.txt in Resources */,
				9636DDFB1F7894F300117A82 /* 9.txt in Resources */,
				9636DDF41F7894F300117A82 /* 24.txt in Resources */,
				9636DDE71F7894F300117A82 /* 16.txt in Resources */,
				9636DE061F7894F300117A82 /* IDS.txt in Resources */,
				9636DE071F7894F300117A82 /* MAS.txt in Resources */,
				9636DDEC1F7894F300117A82 /* 21.txt in Resources */,
				9636DDF71F7894F300117A82 /* 5.txt in Resources */,
				9646CFDF1EB921FE005F87CB /* LaunchScreen.storyboard in Resources */,
				9636DE0A1F7894F300117A82 /* related.txt in Resources */,
				9636DDEE1F7894F300117A82 /* 21G.txt in Resources */,
				961E49941EC6938F002BABB9 /* course_processor.py in Resources */,
				9636DDE61F7894F300117A82 /* 15.txt in Resources */,
				9636DDF91F7894F300117A82 /* 7.txt in Resources */,
				9636DDE11F7894F300117A82 /* 1.txt in Resources */,
				9636DDFE1F7894F300117A82 /* CMS.txt in Resources */,
				9636DDEA1F7894F300117A82 /* 2.txt in Resources */,
				9636DDFA1F7894F300117A82 /* 8.txt in Resources */,
				9636DDE91F7894F300117A82 /* 18.txt in Resources */,
				9636DDF61F7894F300117A82 /* 4.txt in Resources */,
				9646CFDC1EB921FE005F87CB /* Assets.xcassets in Resources */,
				9636DDE41F7894F300117A82 /* 12.txt in Resources */,
				9636DE021F7894F300117A82 /* EC.txt in Resources */,
				9636DDE51F7894F300117A82 /* 14.txt in Resources */,
				9636DE091F7894F300117A82 /* NS.txt in Resources */,
				9636DDE21F7894F300117A82 /* 10.txt in Resources */,
				9636DDE31F7894F300117A82 /* 11.txt in Resources */,
				9636DDF21F7894F300117A82 /* 21W.txt in Resources */,
				9636DE011F7894F300117A82 /* CSB.txt in Resources */,
				9636DDF11F7894F300117A82 /* 21M.txt in Resources */,
				9636DE031F7894F300117A82 /* EM.txt in Resources */,
				9636DDF51F7894F300117A82 /* 3.txt in Resources */,
				9636DDFF1F7894F300117A82 /* condensed.txt in Resources */,
				9636DE0C1F7894F300117A82 /* SP.txt in Resources */,
				9636DDFC1F7894F300117A82 /* AS.txt in Resources */,
				9636DDF81F7894F300117A82 /* 6.txt in Resources */,
				9659E38D1F89B57700E55FA2 /* minor21m.reql in Resources */,
				9636DDEF1F7894F300117A82 /* 21H.txt in Resources */,
				9636DDF01F7894F300117A82 /* 21L.txt in Resources */,
				9636DE041F7894F300117A82 /* ES.txt in Resources */,
				961E49FF1EC7771D002BABB9 /* enrollment.txt in Resources */,
				9636DDF31F7894F300117A82 /* 22.txt in Resources */,
				9636DE001F7894F300117A82 /* courses.txt in Resources */,
				9626B6E31F80A93F009F6F96 /* major6-7.reql in Resources */,
				9636DDED1F7894F300117A82 /* 21A.txt in Resources */,
				9636DE081F7894F300117A82 /* MS.txt in Resources */,
				9636DDE81F7894F300117A82 /* 17.txt in Resources */,
				9636DE0F1F7894F400117A82 /* WGS.txt in Resources */,
				9669C7B51F904CAD00E60D89 /* minor9.reql in Resources */,
				9636DE0E1F7894F400117A82 /* SWE.txt in Resources */,
				9646CFDA1EB921FE005F87CB /* Main.storyboard in Resources */,
				9636DE0B1F7894F300117A82 /* SCM.txt in Resources */,
				9636DDEB1F7894F300117A82 /* 20.txt in Resources */,
			);
			runOnlyForDeploymentPostprocessing = 0;
		};
		9646CFE31EB921FF005F87CB /* Resources */ = {
			isa = PBXResourcesBuildPhase;
			buildActionMask = 2147483647;
			files = (
			);
			runOnlyForDeploymentPostprocessing = 0;
		};
/* End PBXResourcesBuildPhase section */

/* Begin PBXSourcesBuildPhase section */
		9646CFCB1EB921FE005F87CB /* Sources */ = {
			isa = PBXSourcesBuildPhase;
			buildActionMask = 2147483647;
			files = (
				9611BE341F7EE43C0090137E /* ArrayExtension.swift in Sources */,
				965F31C01EBCC6440052C659 /* CourseBrowserViewController.swift in Sources */,
				9646CFF51EB922C3005F87CB /* Course.swift in Sources */,
				961E4A031EC8082A002BABB9 /* FlatPushAnimator.swift in Sources */,
				962DAD661F89A6180011D96F /* RootTabViewController.swift in Sources */,
				9659E38B1F89A93F00E55FA2 /* UIViewControllerExtension.swift in Sources */,
				9626B6E11F8070EB009F6F96 /* StringExtension.swift in Sources */,
				96C82F1A1EDB222900423C53 /* CourseThumbnailCell.swift in Sources */,
				9626B6E61F815686009F6F96 /* RequirementsBrowserViewController.swift in Sources */,
				9646CFD71EB921FE005F87CB /* CourseroadViewController.swift in Sources */,
				961E49FD1EC6A8CB002BABB9 /* CourseDetailsViewController.swift in Sources */,
				9646CFF91EB92525005F87CB /* User.swift in Sources */,
				9646CFF71EB9251A005F87CB /* CourseManager.swift in Sources */,
				9646CFD31EB921FE005F87CB /* AppDelegate.swift in Sources */,
				96897B181EC8F5500011E572 /* CourseListCell.swift in Sources */,
				963BE43B1F8AAA58008905AE /* MBProgressHUD.m in Sources */,
				96500EAE1F7A056400872F82 /* RoundedToolbarView.swift in Sources */,
				9626B6EA1F815917009F6F96 /* RequirementsList.swift in Sources */,
				9646CFD51EB921FE005F87CB /* CatalogViewController.swift in Sources */,
				961E498F1EBF97A4002BABB9 /* CourseBrowserCell.swift in Sources */,
				9626B6E81F815692009F6F96 /* RequirementsListViewController.swift in Sources */,
				961E4A011EC7A8C5002BABB9 /* PanelViewController.swift in Sources */,
			);
			runOnlyForDeploymentPostprocessing = 0;
		};
		9646CFE11EB921FF005F87CB /* Sources */ = {
			isa = PBXSourcesBuildPhase;
			buildActionMask = 2147483647;
			files = (
				9646CFEA1EB921FF005F87CB /* FireRoadTests.swift in Sources */,
			);
			runOnlyForDeploymentPostprocessing = 0;
		};
		968FE0511F75F86D0098E97F /* Sources */ = {
			isa = PBXSourcesBuildPhase;
			buildActionMask = 2147483647;
			files = (
				96F194B61F78178600DA8D95 /* CourseCatalogParser.swift in Sources */,
				968FE0581F75F86D0098E97F /* main.swift in Sources */,
				968FE05D1F75F93C0098E97F /* HTMLNodeExtractor.swift in Sources */,
			);
			runOnlyForDeploymentPostprocessing = 0;
		};
/* End PBXSourcesBuildPhase section */

/* Begin PBXTargetDependency section */
		9646CFE71EB921FF005F87CB /* PBXTargetDependency */ = {
			isa = PBXTargetDependency;
			target = 9646CFCE1EB921FE005F87CB /* FireRoad */;
			targetProxy = 9646CFE61EB921FF005F87CB /* PBXContainerItemProxy */;
		};
/* End PBXTargetDependency section */

/* Begin PBXVariantGroup section */
		9646CFD81EB921FE005F87CB /* Main.storyboard */ = {
			isa = PBXVariantGroup;
			children = (
				9646CFD91EB921FE005F87CB /* Base */,
			);
			name = Main.storyboard;
			sourceTree = "<group>";
		};
		9646CFDD1EB921FE005F87CB /* LaunchScreen.storyboard */ = {
			isa = PBXVariantGroup;
			children = (
				9646CFDE1EB921FE005F87CB /* Base */,
			);
			name = LaunchScreen.storyboard;
			sourceTree = "<group>";
		};
/* End PBXVariantGroup section */

/* Begin XCBuildConfiguration section */
		9646CFEC1EB921FF005F87CB /* Debug */ = {
			isa = XCBuildConfiguration;
			buildSettings = {
				ALWAYS_SEARCH_USER_PATHS = NO;
				CLANG_ANALYZER_NONNULL = YES;
				CLANG_ANALYZER_NUMBER_OBJECT_CONVERSION = YES_AGGRESSIVE;
				CLANG_CXX_LANGUAGE_STANDARD = "gnu++0x";
				CLANG_CXX_LIBRARY = "libc++";
				CLANG_ENABLE_MODULES = YES;
				CLANG_ENABLE_OBJC_ARC = YES;
				CLANG_WARN_BLOCK_CAPTURE_AUTORELEASING = YES;
				CLANG_WARN_BOOL_CONVERSION = YES;
				CLANG_WARN_COMMA = YES;
				CLANG_WARN_CONSTANT_CONVERSION = YES;
				CLANG_WARN_DIRECT_OBJC_ISA_USAGE = YES_ERROR;
				CLANG_WARN_DOCUMENTATION_COMMENTS = YES;
				CLANG_WARN_EMPTY_BODY = YES;
				CLANG_WARN_ENUM_CONVERSION = YES;
				CLANG_WARN_INFINITE_RECURSION = YES;
				CLANG_WARN_INT_CONVERSION = YES;
				CLANG_WARN_NON_LITERAL_NULL_CONVERSION = YES;
				CLANG_WARN_OBJC_LITERAL_CONVERSION = YES;
				CLANG_WARN_OBJC_ROOT_CLASS = YES_ERROR;
				CLANG_WARN_RANGE_LOOP_ANALYSIS = YES;
				CLANG_WARN_STRICT_PROTOTYPES = YES;
				CLANG_WARN_SUSPICIOUS_MOVE = YES;
				CLANG_WARN_UNREACHABLE_CODE = YES;
				CLANG_WARN__DUPLICATE_METHOD_MATCH = YES;
				"CODE_SIGN_IDENTITY[sdk=iphoneos*]" = "iPhone Developer";
				COPY_PHASE_STRIP = NO;
				DEBUG_INFORMATION_FORMAT = dwarf;
				ENABLE_STRICT_OBJC_MSGSEND = YES;
				ENABLE_TESTABILITY = YES;
				GCC_C_LANGUAGE_STANDARD = gnu99;
				GCC_DYNAMIC_NO_PIC = NO;
				GCC_NO_COMMON_BLOCKS = YES;
				GCC_OPTIMIZATION_LEVEL = 0;
				GCC_PREPROCESSOR_DEFINITIONS = (
					"DEBUG=1",
					"$(inherited)",
				);
				GCC_WARN_64_TO_32_BIT_CONVERSION = YES;
				GCC_WARN_ABOUT_RETURN_TYPE = YES_ERROR;
				GCC_WARN_UNDECLARED_SELECTOR = YES;
				GCC_WARN_UNINITIALIZED_AUTOS = YES_AGGRESSIVE;
				GCC_WARN_UNUSED_FUNCTION = YES;
				GCC_WARN_UNUSED_VARIABLE = YES;
				IPHONEOS_DEPLOYMENT_TARGET = 10.3;
				MTL_ENABLE_DEBUG_INFO = YES;
				ONLY_ACTIVE_ARCH = YES;
				SDKROOT = iphoneos;
				SWIFT_ACTIVE_COMPILATION_CONDITIONS = DEBUG;
				SWIFT_OPTIMIZATION_LEVEL = "-Onone";
				TARGETED_DEVICE_FAMILY = "1,2";
			};
			name = Debug;
		};
		9646CFED1EB921FF005F87CB /* Release */ = {
			isa = XCBuildConfiguration;
			buildSettings = {
				ALWAYS_SEARCH_USER_PATHS = NO;
				CLANG_ANALYZER_NONNULL = YES;
				CLANG_ANALYZER_NUMBER_OBJECT_CONVERSION = YES_AGGRESSIVE;
				CLANG_CXX_LANGUAGE_STANDARD = "gnu++0x";
				CLANG_CXX_LIBRARY = "libc++";
				CLANG_ENABLE_MODULES = YES;
				CLANG_ENABLE_OBJC_ARC = YES;
				CLANG_WARN_BLOCK_CAPTURE_AUTORELEASING = YES;
				CLANG_WARN_BOOL_CONVERSION = YES;
				CLANG_WARN_COMMA = YES;
				CLANG_WARN_CONSTANT_CONVERSION = YES;
				CLANG_WARN_DIRECT_OBJC_ISA_USAGE = YES_ERROR;
				CLANG_WARN_DOCUMENTATION_COMMENTS = YES;
				CLANG_WARN_EMPTY_BODY = YES;
				CLANG_WARN_ENUM_CONVERSION = YES;
				CLANG_WARN_INFINITE_RECURSION = YES;
				CLANG_WARN_INT_CONVERSION = YES;
				CLANG_WARN_NON_LITERAL_NULL_CONVERSION = YES;
				CLANG_WARN_OBJC_LITERAL_CONVERSION = YES;
				CLANG_WARN_OBJC_ROOT_CLASS = YES_ERROR;
				CLANG_WARN_RANGE_LOOP_ANALYSIS = YES;
				CLANG_WARN_STRICT_PROTOTYPES = YES;
				CLANG_WARN_SUSPICIOUS_MOVE = YES;
				CLANG_WARN_UNREACHABLE_CODE = YES;
				CLANG_WARN__DUPLICATE_METHOD_MATCH = YES;
				"CODE_SIGN_IDENTITY[sdk=iphoneos*]" = "iPhone Developer";
				COPY_PHASE_STRIP = NO;
				DEBUG_INFORMATION_FORMAT = "dwarf-with-dsym";
				ENABLE_NS_ASSERTIONS = NO;
				ENABLE_STRICT_OBJC_MSGSEND = YES;
				GCC_C_LANGUAGE_STANDARD = gnu99;
				GCC_NO_COMMON_BLOCKS = YES;
				GCC_WARN_64_TO_32_BIT_CONVERSION = YES;
				GCC_WARN_ABOUT_RETURN_TYPE = YES_ERROR;
				GCC_WARN_UNDECLARED_SELECTOR = YES;
				GCC_WARN_UNINITIALIZED_AUTOS = YES_AGGRESSIVE;
				GCC_WARN_UNUSED_FUNCTION = YES;
				GCC_WARN_UNUSED_VARIABLE = YES;
				IPHONEOS_DEPLOYMENT_TARGET = 10.3;
				MTL_ENABLE_DEBUG_INFO = NO;
				SDKROOT = iphoneos;
				SWIFT_OPTIMIZATION_LEVEL = "-Owholemodule";
				TARGETED_DEVICE_FAMILY = "1,2";
				VALIDATE_PRODUCT = YES;
			};
			name = Release;
		};
		9646CFEF1EB921FF005F87CB /* Debug */ = {
			isa = XCBuildConfiguration;
			buildSettings = {
				ASSETCATALOG_COMPILER_APPICON_NAME = AppIcon;
				CLANG_ENABLE_MODULES = YES;
				DEVELOPMENT_TEAM = PTB6T29SN3;
				INFOPLIST_FILE = FireRoad/Info.plist;
				LD_RUNPATH_SEARCH_PATHS = "$(inherited) @executable_path/Frameworks";
				PRODUCT_BUNDLE_IDENTIFIER = com.base12innovations.FireRoad;
				PRODUCT_NAME = "$(TARGET_NAME)";
				SWIFT_OBJC_BRIDGING_HEADER = "FireRoad/FireRoad-Bridging-Header.h";
				SWIFT_OPTIMIZATION_LEVEL = "-Onone";
				SWIFT_SWIFT3_OBJC_INFERENCE = Default;
				SWIFT_VERSION = 4.0;
			};
			name = Debug;
		};
		9646CFF01EB921FF005F87CB /* Release */ = {
			isa = XCBuildConfiguration;
			buildSettings = {
				ASSETCATALOG_COMPILER_APPICON_NAME = AppIcon;
				CLANG_ENABLE_MODULES = YES;
				DEVELOPMENT_TEAM = PTB6T29SN3;
				INFOPLIST_FILE = FireRoad/Info.plist;
				LD_RUNPATH_SEARCH_PATHS = "$(inherited) @executable_path/Frameworks";
				PRODUCT_BUNDLE_IDENTIFIER = com.base12innovations.FireRoad;
				PRODUCT_NAME = "$(TARGET_NAME)";
				SWIFT_OBJC_BRIDGING_HEADER = "FireRoad/FireRoad-Bridging-Header.h";
				SWIFT_SWIFT3_OBJC_INFERENCE = Default;
				SWIFT_VERSION = 4.0;
			};
			name = Release;
		};
		9646CFF21EB921FF005F87CB /* Debug */ = {
			isa = XCBuildConfiguration;
			buildSettings = {
				ALWAYS_EMBED_SWIFT_STANDARD_LIBRARIES = YES;
				BUNDLE_LOADER = "$(TEST_HOST)";
				DEVELOPMENT_TEAM = PTB6T29SN3;
				INFOPLIST_FILE = FireRoadTests/Info.plist;
				LD_RUNPATH_SEARCH_PATHS = "$(inherited) @executable_path/Frameworks @loader_path/Frameworks";
				PRODUCT_BUNDLE_IDENTIFIER = com.base12innovations.FireRoadTests;
				PRODUCT_NAME = "$(TARGET_NAME)";
				SWIFT_SWIFT3_OBJC_INFERENCE = On;
				SWIFT_VERSION = 4.0;
				TEST_HOST = "$(BUILT_PRODUCTS_DIR)/FireRoad.app/FireRoad";
			};
			name = Debug;
		};
		9646CFF31EB921FF005F87CB /* Release */ = {
			isa = XCBuildConfiguration;
			buildSettings = {
				ALWAYS_EMBED_SWIFT_STANDARD_LIBRARIES = YES;
				BUNDLE_LOADER = "$(TEST_HOST)";
				DEVELOPMENT_TEAM = PTB6T29SN3;
				INFOPLIST_FILE = FireRoadTests/Info.plist;
				LD_RUNPATH_SEARCH_PATHS = "$(inherited) @executable_path/Frameworks @loader_path/Frameworks";
				PRODUCT_BUNDLE_IDENTIFIER = com.base12innovations.FireRoadTests;
				PRODUCT_NAME = "$(TARGET_NAME)";
				SWIFT_SWIFT3_OBJC_INFERENCE = On;
				SWIFT_VERSION = 4.0;
				TEST_HOST = "$(BUILT_PRODUCTS_DIR)/FireRoad.app/FireRoad";
			};
			name = Release;
		};
		968FE0591F75F86D0098E97F /* Debug */ = {
			isa = XCBuildConfiguration;
			buildSettings = {
				CODE_SIGN_IDENTITY = "-";
				DEVELOPMENT_TEAM = PTB6T29SN3;
				MACOSX_DEPLOYMENT_TARGET = 10.12;
				PRODUCT_NAME = "$(TARGET_NAME)";
				SDKROOT = macosx;
				SWIFT_SWIFT3_OBJC_INFERENCE = On;
				SWIFT_VERSION = 4.0;
			};
			name = Debug;
		};
		968FE05A1F75F86D0098E97F /* Release */ = {
			isa = XCBuildConfiguration;
			buildSettings = {
				CODE_SIGN_IDENTITY = "-";
				DEVELOPMENT_TEAM = PTB6T29SN3;
				MACOSX_DEPLOYMENT_TARGET = 10.12;
				PRODUCT_NAME = "$(TARGET_NAME)";
				SDKROOT = macosx;
				SWIFT_SWIFT3_OBJC_INFERENCE = On;
				SWIFT_VERSION = 4.0;
			};
			name = Release;
		};
/* End XCBuildConfiguration section */

/* Begin XCConfigurationList section */
		9646CFCA1EB921FE005F87CB /* Build configuration list for PBXProject "FireRoad" */ = {
			isa = XCConfigurationList;
			buildConfigurations = (
				9646CFEC1EB921FF005F87CB /* Debug */,
				9646CFED1EB921FF005F87CB /* Release */,
			);
			defaultConfigurationIsVisible = 0;
			defaultConfigurationName = Release;
		};
		9646CFEE1EB921FF005F87CB /* Build configuration list for PBXNativeTarget "FireRoad" */ = {
			isa = XCConfigurationList;
			buildConfigurations = (
				9646CFEF1EB921FF005F87CB /* Debug */,
				9646CFF01EB921FF005F87CB /* Release */,
			);
			defaultConfigurationIsVisible = 0;
			defaultConfigurationName = Release;
		};
		9646CFF11EB921FF005F87CB /* Build configuration list for PBXNativeTarget "FireRoadTests" */ = {
			isa = XCConfigurationList;
			buildConfigurations = (
				9646CFF21EB921FF005F87CB /* Debug */,
				9646CFF31EB921FF005F87CB /* Release */,
			);
			defaultConfigurationIsVisible = 0;
			defaultConfigurationName = Release;
		};
		968FE05B1F75F86D0098E97F /* Build configuration list for PBXNativeTarget "CourseCatalogScrubber" */ = {
			isa = XCConfigurationList;
			buildConfigurations = (
				968FE0591F75F86D0098E97F /* Debug */,
				968FE05A1F75F86D0098E97F /* Release */,
			);
			defaultConfigurationIsVisible = 0;
			defaultConfigurationName = Release;
		};
/* End XCConfigurationList section */
	};
	rootObject = 9646CFC71EB921FE005F87CB /* Project object */;
}
