// !$*UTF8*$!
{
	archiveVersion = 1;
	classes = {
	};
	objectVersion = 46;
	objects = {

/* Begin PBXBuildFile section */
		960A1F081FDA1FCC00C53E43 /* CommonStrings.swift in Sources */ = {isa = PBXBuildFile; fileRef = 960A1F071FDA1FCC00C53E43 /* CommonStrings.swift */; };
		960A1F0A1FDA21A500C53E43 /* CourseDisplayManager.swift in Sources */ = {isa = PBXBuildFile; fileRef = 960A1F091FDA21A500C53E43 /* CourseDisplayManager.swift */; };
		960A8A172035043600DF7819 /* Icon-180.png in Resources */ = {isa = PBXBuildFile; fileRef = 960A8A162035043500DF7819 /* Icon-180.png */; };
		960A8A1A20350AA600DF7819 /* UIScrollViewExtension.swift in Sources */ = {isa = PBXBuildFile; fileRef = 960A8A1920350AA600DF7819 /* UIScrollViewExtension.swift */; };
		9611BE341F7EE43C0090137E /* ArrayExtension.swift in Sources */ = {isa = PBXBuildFile; fileRef = 9611BE331F7EE43C0090137E /* ArrayExtension.swift */; };
		9611CD811F92851400DE2BDE /* PopDownTableMenuController.swift in Sources */ = {isa = PBXBuildFile; fileRef = 9611CD801F92851400DE2BDE /* PopDownTableMenuController.swift */; };
		9611CD831F9287CE00DE2BDE /* acknowledgements.txt in Resources */ = {isa = PBXBuildFile; fileRef = 9611CD821F9287CE00DE2BDE /* acknowledgements.txt */; };
		9617256123E2697D00735741 /* ProgressAssertion.swift in Sources */ = {isa = PBXBuildFile; fileRef = 9617256023E2697D00735741 /* ProgressAssertion.swift */; };
		9617256323E2833B00735741 /* CourseMultiSelectViewController.swift in Sources */ = {isa = PBXBuildFile; fileRef = 9617256223E2833B00735741 /* CourseMultiSelectViewController.swift */; };
		961DBBD8211CDE4F002E516E /* CloudSyncManager.swift in Sources */ = {isa = PBXBuildFile; fileRef = 961DBBD7211CDE4F002E516E /* CloudSyncManager.swift */; };
		961DBBDA211CE650002E516E /* TimeAgo.swift in Sources */ = {isa = PBXBuildFile; fileRef = 961DBBD9211CE650002E516E /* TimeAgo.swift */; };
		961DBBDC211D04FB002E516E /* UIAlertControllerExtension.swift in Sources */ = {isa = PBXBuildFile; fileRef = 961DBBDB211D04FB002E516E /* UIAlertControllerExtension.swift */; };
		961E498F1EBF97A4002BABB9 /* CourseBrowserCell.swift in Sources */ = {isa = PBXBuildFile; fileRef = 961E498E1EBF97A4002BABB9 /* CourseBrowserCell.swift */; };
		961E49FD1EC6A8CB002BABB9 /* CourseDetailsViewController.swift in Sources */ = {isa = PBXBuildFile; fileRef = 961E49FC1EC6A8CB002BABB9 /* CourseDetailsViewController.swift */; };
		961E4A011EC7A8C5002BABB9 /* PanelViewController.swift in Sources */ = {isa = PBXBuildFile; fileRef = 961E4A001EC7A8C5002BABB9 /* PanelViewController.swift */; };
		961E4A031EC8082A002BABB9 /* FlatPushAnimator.swift in Sources */ = {isa = PBXBuildFile; fileRef = 961E4A021EC8082A002BABB9 /* FlatPushAnimator.swift */; };
		9626B6E11F8070EB009F6F96 /* StringExtension.swift in Sources */ = {isa = PBXBuildFile; fileRef = 9626B6E01F8070EB009F6F96 /* StringExtension.swift */; };
		9626B6E61F815686009F6F96 /* RequirementsBrowserViewController.swift in Sources */ = {isa = PBXBuildFile; fileRef = 9626B6E51F815686009F6F96 /* RequirementsBrowserViewController.swift */; };
		9626B6E81F815692009F6F96 /* RequirementsListViewController.swift in Sources */ = {isa = PBXBuildFile; fileRef = 9626B6E71F815692009F6F96 /* RequirementsListViewController.swift */; };
		9626B6EA1F815917009F6F96 /* RequirementsList.swift in Sources */ = {isa = PBXBuildFile; fileRef = 9626B6E91F815917009F6F96 /* RequirementsList.swift */; };
		96293C481FEAD21300F1BDFD /* color_checker.py in Resources */ = {isa = PBXBuildFile; fileRef = 96293C471FEAD21300F1BDFD /* color_checker.py */; };
		962C9769201BF0FC0046C13D /* UserDocument.swift in Sources */ = {isa = PBXBuildFile; fileRef = 962C9768201BF0FC0046C13D /* UserDocument.swift */; };
		962C976B201CFD520046C13D /* ScheduleItemProviders.swift in Sources */ = {isa = PBXBuildFile; fileRef = 962C976A201CFD520046C13D /* ScheduleItemProviders.swift */; };
		962C976D201E46D40046C13D /* AppSettings.swift in Sources */ = {isa = PBXBuildFile; fileRef = 962C976C201E46D30046C13D /* AppSettings.swift */; };
		962C976F201E4E7C0046C13D /* AppSettingsViewController.swift in Sources */ = {isa = PBXBuildFile; fileRef = 962C976E201E4E7C0046C13D /* AppSettingsViewController.swift */; };
		962C9771201E5BD90046C13D /* license.txt in Resources */ = {isa = PBXBuildFile; fileRef = 962C9770201E5BD90046C13D /* license.txt */; };
		962C9774202030A60046C13D /* Intro.storyboard in Resources */ = {isa = PBXBuildFile; fileRef = 962C9773202030A60046C13D /* Intro.storyboard */; };
		962C9776202036C10046C13D /* IntroViewController.swift in Sources */ = {isa = PBXBuildFile; fileRef = 962C9775202036C10046C13D /* IntroViewController.swift */; };
		962DAD661F89A6180011D96F /* RootTabViewController.swift in Sources */ = {isa = PBXBuildFile; fileRef = 962DAD651F89A6180011D96F /* RootTabViewController.swift */; };
		9646CFD31EB921FE005F87CB /* AppDelegate.swift in Sources */ = {isa = PBXBuildFile; fileRef = 9646CFD21EB921FE005F87CB /* AppDelegate.swift */; };
		9646CFD51EB921FE005F87CB /* CatalogViewController.swift in Sources */ = {isa = PBXBuildFile; fileRef = 9646CFD41EB921FE005F87CB /* CatalogViewController.swift */; };
		9646CFD71EB921FE005F87CB /* CourseroadViewController.swift in Sources */ = {isa = PBXBuildFile; fileRef = 9646CFD61EB921FE005F87CB /* CourseroadViewController.swift */; };
		9646CFDA1EB921FE005F87CB /* Main.storyboard in Resources */ = {isa = PBXBuildFile; fileRef = 9646CFD81EB921FE005F87CB /* Main.storyboard */; };
		9646CFDC1EB921FE005F87CB /* Assets.xcassets in Resources */ = {isa = PBXBuildFile; fileRef = 9646CFDB1EB921FE005F87CB /* Assets.xcassets */; };
		9646CFDF1EB921FE005F87CB /* LaunchScreen.storyboard in Resources */ = {isa = PBXBuildFile; fileRef = 9646CFDD1EB921FE005F87CB /* LaunchScreen.storyboard */; };
		9646CFEA1EB921FF005F87CB /* FireRoadTests.swift in Sources */ = {isa = PBXBuildFile; fileRef = 9646CFE91EB921FF005F87CB /* FireRoadTests.swift */; };
		9646CFF51EB922C3005F87CB /* Course.swift in Sources */ = {isa = PBXBuildFile; fileRef = 9646CFF41EB922C3005F87CB /* Course.swift */; };
		9646CFF71EB9251A005F87CB /* CourseManager.swift in Sources */ = {isa = PBXBuildFile; fileRef = 9646CFF61EB9251A005F87CB /* CourseManager.swift */; };
		9646CFF91EB92525005F87CB /* User.swift in Sources */ = {isa = PBXBuildFile; fileRef = 9646CFF81EB92525005F87CB /* User.swift */; };
		96500EAE1F7A056400872F82 /* RoundedToolbarView.swift in Sources */ = {isa = PBXBuildFile; fileRef = 96500EAD1F7A056400872F82 /* RoundedToolbarView.swift */; };
		96500EB11F7C91C500872F82 /* CoreSpotlight.framework in Frameworks */ = {isa = PBXBuildFile; fileRef = 96500EB01F7C91C400872F82 /* CoreSpotlight.framework */; };
		96500EB31F7C91CA00872F82 /* MobileCoreServices.framework in Frameworks */ = {isa = PBXBuildFile; fileRef = 96500EB21F7C91CA00872F82 /* MobileCoreServices.framework */; };
		9659E38B1F89A93F00E55FA2 /* UIViewControllerExtension.swift in Sources */ = {isa = PBXBuildFile; fileRef = 9659E38A1F89A93F00E55FA2 /* UIViewControllerExtension.swift */; };
		965F31C01EBCC6440052C659 /* CourseBrowserViewController.swift in Sources */ = {isa = PBXBuildFile; fileRef = 965F31BF1EBCC6440052C659 /* CourseBrowserViewController.swift */; };
		9664153621C42C0500823768 /* RequirementsListDisplay.swift in Sources */ = {isa = PBXBuildFile; fileRef = 9664153521C42C0500823768 /* RequirementsListDisplay.swift */; };
		9669C7C91F90628400E60D89 /* MBProgressHUD.m in Sources */ = {isa = PBXBuildFile; fileRef = 9669C7C71F90628300E60D89 /* MBProgressHUD.m */; };
		96897B181EC8F5500011E572 /* CourseListCell.swift in Sources */ = {isa = PBXBuildFile; fileRef = 96897B171EC8F5500011E572 /* CourseListCell.swift */; };
		968F2A191FE223480082EE40 /* ScheduleConstraintViewController.swift in Sources */ = {isa = PBXBuildFile; fileRef = 968F2A181FE223480082EE40 /* ScheduleConstraintViewController.swift */; };
		968F2A1C1FE5A2E30082EE40 /* CourseListingMasterViewController.swift in Sources */ = {isa = PBXBuildFile; fileRef = 968F2A1B1FE5A2E30082EE40 /* CourseListingMasterViewController.swift */; };
		968F2A1E1FE5A36E0082EE40 /* departments.txt in Resources */ = {isa = PBXBuildFile; fileRef = 968F2A1D1FE5A36E0082EE40 /* departments.txt */; };
		968F2A201FE5B2B80082EE40 /* HighlightCollectionCell.swift in Sources */ = {isa = PBXBuildFile; fileRef = 968F2A1F1FE5B2B80082EE40 /* HighlightCollectionCell.swift */; };
		968F2A221FE5C4BE0082EE40 /* CourseListingViewController.swift in Sources */ = {isa = PBXBuildFile; fileRef = 968F2A211FE5C4BE0082EE40 /* CourseListingViewController.swift */; };
		96AA1BB521FC216600544C64 /* SubjectMarker.swift in Sources */ = {isa = PBXBuildFile; fileRef = 96AA1BB421FC216600544C64 /* SubjectMarker.swift */; };
		96AA1BB721FC253C00544C64 /* TableMenuViewController.swift in Sources */ = {isa = PBXBuildFile; fileRef = 96AA1BB621FC253C00544C64 /* TableMenuViewController.swift */; };
		96AB872D1F91B46500F4F905 /* RequirementsBrowserTableCell.swift in Sources */ = {isa = PBXBuildFile; fileRef = 96AB872C1F91B46500F4F905 /* RequirementsBrowserTableCell.swift */; };
		96AC5F12200B047E00D80839 /* AuthenticationViewController.swift in Sources */ = {isa = PBXBuildFile; fileRef = 96AC5F11200B047E00D80839 /* AuthenticationViewController.swift */; };
		96AC5F14200B125700D80839 /* KeychainItemWrapper.swift in Sources */ = {isa = PBXBuildFile; fileRef = 96AC5F13200B125700D80839 /* KeychainItemWrapper.swift */; };
		96AC5F1A200D1F5500D80839 /* CourseSearchEngine.swift in Sources */ = {isa = PBXBuildFile; fileRef = 96AC5F19200D1F5500D80839 /* CourseSearchEngine.swift */; };
		96ACBD312027C299007B4618 /* test.reql in Resources */ = {isa = PBXBuildFile; fileRef = 96ACBD302027C299007B4618 /* test.reql */; };
		96BBE77521C57C550078D71D /* RequirementsConstants.swift in Sources */ = {isa = PBXBuildFile; fileRef = 96BBE77421C57C550078D71D /* RequirementsConstants.swift */; };
		96C4202921F50AF400603F9D /* CourseCollectionViewController.swift in Sources */ = {isa = PBXBuildFile; fileRef = 96C4202821F50AF400603F9D /* CourseCollectionViewController.swift */; };
		96C4202B21F50FA600603F9D /* CustomCoursesViewController.swift in Sources */ = {isa = PBXBuildFile; fileRef = 96C4202A21F50FA600603F9D /* CustomCoursesViewController.swift */; };
		96C4202D21F51F9B00603F9D /* CustomCourseEditViewController.swift in Sources */ = {isa = PBXBuildFile; fileRef = 96C4202C21F51F9B00603F9D /* CustomCourseEditViewController.swift */; };
		96C4202F21F5353200603F9D /* CourseColorSelectCell.swift in Sources */ = {isa = PBXBuildFile; fileRef = 96C4202E21F5353200603F9D /* CourseColorSelectCell.swift */; };
		96C7769F1FDEDCBF00157F2D /* RequirementsListManager.swift in Sources */ = {isa = PBXBuildFile; fileRef = 96C7769E1FDEDCBF00157F2D /* RequirementsListManager.swift */; };
		96C776A11FDF411600157F2D /* WebpageViewController.swift in Sources */ = {isa = PBXBuildFile; fileRef = 96C776A01FDF411600157F2D /* WebpageViewController.swift */; };
		96C776A31FDF6D8600157F2D /* UITextViewPlaceholder.swift in Sources */ = {isa = PBXBuildFile; fileRef = 96C776A21FDF6D8600157F2D /* UITextViewPlaceholder.swift */; };
		96C776A51FDF717B00157F2D /* UIResponderExtension.swift in Sources */ = {isa = PBXBuildFile; fileRef = 96C776A41FDF717B00157F2D /* UIResponderExtension.swift */; };
		96C82F1A1EDB222900423C53 /* CourseThumbnailCell.swift in Sources */ = {isa = PBXBuildFile; fileRef = 96C82F191EDB222900423C53 /* CourseThumbnailCell.swift */; };
		96D055251FB80B6700BD18A8 /* CourseFilterViewController.swift in Sources */ = {isa = PBXBuildFile; fileRef = 96D055241FB80B6600BD18A8 /* CourseFilterViewController.swift */; };
		96DD97342000916200E45F5F /* EventKit.framework in Frameworks */ = {isa = PBXBuildFile; fileRef = 96DD97322000916100E45F5F /* EventKit.framework */; };
		96DD97352000916200E45F5F /* EventKitUI.framework in Frameworks */ = {isa = PBXBuildFile; fileRef = 96DD97332000916200E45F5F /* EventKitUI.framework */; };
		96DD9737200095B100E45F5F /* CustomActivity.swift in Sources */ = {isa = PBXBuildFile; fileRef = 96DD9736200095B100E45F5F /* CustomActivity.swift */; };
		96DD973A2005CCB000E45F5F /* ComputeQueue.swift in Sources */ = {isa = PBXBuildFile; fileRef = 96DD97392005CCB000E45F5F /* ComputeQueue.swift */; };
		96DF60D91FF1856F006F1C6A /* CourseroadWarningsViewController.swift in Sources */ = {isa = PBXBuildFile; fileRef = 96DF60D81FF1856F006F1C6A /* CourseroadWarningsViewController.swift */; };
		96DF60DB1FFBF5DB006F1C6A /* DocumentBrowseViewController.swift in Sources */ = {isa = PBXBuildFile; fileRef = 96DF60DA1FFBF5DB006F1C6A /* DocumentBrowseViewController.swift */; };
		96DF60DF20002481006F1C6A /* RateIndividualViewController.swift in Sources */ = {isa = PBXBuildFile; fileRef = 96DF60DE20002481006F1C6A /* RateIndividualViewController.swift */; };
		96DF60E120002492006F1C6A /* RatingView.swift in Sources */ = {isa = PBXBuildFile; fileRef = 96DF60E020002492006F1C6A /* RatingView.swift */; };
		96EBE5661FBF9B8500FABE1E /* ScheduleViewController.swift in Sources */ = {isa = PBXBuildFile; fileRef = 96EBE5651FBF9B8500FABE1E /* ScheduleViewController.swift */; };
		96EBE5681FBF9E2B00FABE1E /* PanelParentViewController.swift in Sources */ = {isa = PBXBuildFile; fileRef = 96EBE5671FBF9E2B00FABE1E /* PanelParentViewController.swift */; };
		96EBE56A1FBFDE5600FABE1E /* ScheduleGridViewController.swift in Sources */ = {isa = PBXBuildFile; fileRef = 96EBE5691FBFDE5600FABE1E /* ScheduleGridViewController.swift */; };
		96EBE56C1FBFDF0900FABE1E /* ScheduleModel.swift in Sources */ = {isa = PBXBuildFile; fileRef = 96EBE56B1FBFDF0900FABE1E /* ScheduleModel.swift */; };
		DB0DAAD823E2650D000A04AE /* CourseSortHelper.swift in Sources */ = {isa = PBXBuildFile; fileRef = DB0DAAD723E2650D000A04AE /* CourseSortHelper.swift */; };
/* End PBXBuildFile section */

/* Begin PBXContainerItemProxy section */
		9646CFE61EB921FF005F87CB /* PBXContainerItemProxy */ = {
			isa = PBXContainerItemProxy;
			containerPortal = 9646CFC71EB921FE005F87CB /* Project object */;
			proxyType = 1;
			remoteGlobalIDString = 9646CFCE1EB921FE005F87CB;
			remoteInfo = FireRoad;
		};
/* End PBXContainerItemProxy section */

/* Begin PBXFileReference section */
		960A1F071FDA1FCC00C53E43 /* CommonStrings.swift */ = {isa = PBXFileReference; lastKnownFileType = sourcecode.swift; path = CommonStrings.swift; sourceTree = "<group>"; };
		960A1F091FDA21A500C53E43 /* CourseDisplayManager.swift */ = {isa = PBXFileReference; lastKnownFileType = sourcecode.swift; path = CourseDisplayManager.swift; sourceTree = "<group>"; };
		960A8A162035043500DF7819 /* Icon-180.png */ = {isa = PBXFileReference; lastKnownFileType = image.png; path = "Icon-180.png"; sourceTree = "<group>"; };
		960A8A1920350AA600DF7819 /* UIScrollViewExtension.swift */ = {isa = PBXFileReference; lastKnownFileType = sourcecode.swift; path = UIScrollViewExtension.swift; sourceTree = "<group>"; };
		9611BE331F7EE43C0090137E /* ArrayExtension.swift */ = {isa = PBXFileReference; lastKnownFileType = sourcecode.swift; path = ArrayExtension.swift; sourceTree = "<group>"; };
		9611CD801F92851400DE2BDE /* PopDownTableMenuController.swift */ = {isa = PBXFileReference; lastKnownFileType = sourcecode.swift; path = PopDownTableMenuController.swift; sourceTree = "<group>"; };
		9611CD821F9287CE00DE2BDE /* acknowledgements.txt */ = {isa = PBXFileReference; lastKnownFileType = text; path = acknowledgements.txt; sourceTree = "<group>"; };
		9617256023E2697D00735741 /* ProgressAssertion.swift */ = {isa = PBXFileReference; lastKnownFileType = sourcecode.swift; path = ProgressAssertion.swift; sourceTree = "<group>"; };
		9617256223E2833B00735741 /* CourseMultiSelectViewController.swift */ = {isa = PBXFileReference; lastKnownFileType = sourcecode.swift; path = CourseMultiSelectViewController.swift; sourceTree = "<group>"; };
		961DBBD7211CDE4F002E516E /* CloudSyncManager.swift */ = {isa = PBXFileReference; lastKnownFileType = sourcecode.swift; path = CloudSyncManager.swift; sourceTree = "<group>"; };
		961DBBD9211CE650002E516E /* TimeAgo.swift */ = {isa = PBXFileReference; lastKnownFileType = sourcecode.swift; path = TimeAgo.swift; sourceTree = "<group>"; };
		961DBBDB211D04FB002E516E /* UIAlertControllerExtension.swift */ = {isa = PBXFileReference; lastKnownFileType = sourcecode.swift; path = UIAlertControllerExtension.swift; sourceTree = "<group>"; };
		961E498E1EBF97A4002BABB9 /* CourseBrowserCell.swift */ = {isa = PBXFileReference; fileEncoding = 4; lastKnownFileType = sourcecode.swift; path = CourseBrowserCell.swift; sourceTree = "<group>"; };
		961E49FC1EC6A8CB002BABB9 /* CourseDetailsViewController.swift */ = {isa = PBXFileReference; fileEncoding = 4; lastKnownFileType = sourcecode.swift; path = CourseDetailsViewController.swift; sourceTree = "<group>"; };
		961E49FE1EC7771D002BABB9 /* enrollment.txt */ = {isa = PBXFileReference; fileEncoding = 4; lastKnownFileType = text; path = enrollment.txt; sourceTree = "<group>"; };
		961E4A001EC7A8C5002BABB9 /* PanelViewController.swift */ = {isa = PBXFileReference; fileEncoding = 4; lastKnownFileType = sourcecode.swift; path = PanelViewController.swift; sourceTree = "<group>"; };
		961E4A021EC8082A002BABB9 /* FlatPushAnimator.swift */ = {isa = PBXFileReference; fileEncoding = 4; lastKnownFileType = sourcecode.swift; path = FlatPushAnimator.swift; sourceTree = "<group>"; };
		9626B6E01F8070EB009F6F96 /* StringExtension.swift */ = {isa = PBXFileReference; lastKnownFileType = sourcecode.swift; path = StringExtension.swift; sourceTree = "<group>"; };
		9626B6E41F80AF1F009F6F96 /* course_requirements_spec.md */ = {isa = PBXFileReference; lastKnownFileType = net.daringfireball.markdown; path = course_requirements_spec.md; sourceTree = "<group>"; };
		9626B6E51F815686009F6F96 /* RequirementsBrowserViewController.swift */ = {isa = PBXFileReference; lastKnownFileType = sourcecode.swift; path = RequirementsBrowserViewController.swift; sourceTree = "<group>"; };
		9626B6E71F815692009F6F96 /* RequirementsListViewController.swift */ = {isa = PBXFileReference; lastKnownFileType = sourcecode.swift; path = RequirementsListViewController.swift; sourceTree = "<group>"; };
		9626B6E91F815917009F6F96 /* RequirementsList.swift */ = {isa = PBXFileReference; lastKnownFileType = sourcecode.swift; path = RequirementsList.swift; sourceTree = "<group>"; };
		96293C471FEAD21300F1BDFD /* color_checker.py */ = {isa = PBXFileReference; lastKnownFileType = text.script.python; path = color_checker.py; sourceTree = "<group>"; };
		962C9768201BF0FC0046C13D /* UserDocument.swift */ = {isa = PBXFileReference; lastKnownFileType = sourcecode.swift; path = UserDocument.swift; sourceTree = "<group>"; };
		962C976A201CFD520046C13D /* ScheduleItemProviders.swift */ = {isa = PBXFileReference; lastKnownFileType = sourcecode.swift; path = ScheduleItemProviders.swift; sourceTree = "<group>"; };
		962C976C201E46D30046C13D /* AppSettings.swift */ = {isa = PBXFileReference; lastKnownFileType = sourcecode.swift; path = AppSettings.swift; sourceTree = "<group>"; };
		962C976E201E4E7C0046C13D /* AppSettingsViewController.swift */ = {isa = PBXFileReference; lastKnownFileType = sourcecode.swift; path = AppSettingsViewController.swift; sourceTree = "<group>"; };
		962C9770201E5BD90046C13D /* license.txt */ = {isa = PBXFileReference; lastKnownFileType = text; path = license.txt; sourceTree = "<group>"; };
		962C9773202030A60046C13D /* Intro.storyboard */ = {isa = PBXFileReference; lastKnownFileType = file.storyboard; path = Intro.storyboard; sourceTree = "<group>"; };
		962C9775202036C10046C13D /* IntroViewController.swift */ = {isa = PBXFileReference; lastKnownFileType = sourcecode.swift; path = IntroViewController.swift; sourceTree = "<group>"; };
		962DAD651F89A6180011D96F /* RootTabViewController.swift */ = {isa = PBXFileReference; lastKnownFileType = sourcecode.swift; path = RootTabViewController.swift; sourceTree = "<group>"; };
		963BE4381F8AAA57008905AE /* FireRoad-Bridging-Header.h */ = {isa = PBXFileReference; lastKnownFileType = sourcecode.c.h; path = "FireRoad-Bridging-Header.h"; sourceTree = "<group>"; };
		9646CFCF1EB921FE005F87CB /* FireRoad.app */ = {isa = PBXFileReference; explicitFileType = wrapper.application; includeInIndex = 0; path = FireRoad.app; sourceTree = BUILT_PRODUCTS_DIR; };
		9646CFD21EB921FE005F87CB /* AppDelegate.swift */ = {isa = PBXFileReference; lastKnownFileType = sourcecode.swift; path = AppDelegate.swift; sourceTree = "<group>"; };
		9646CFD41EB921FE005F87CB /* CatalogViewController.swift */ = {isa = PBXFileReference; lastKnownFileType = sourcecode.swift; path = CatalogViewController.swift; sourceTree = "<group>"; };
		9646CFD61EB921FE005F87CB /* CourseroadViewController.swift */ = {isa = PBXFileReference; lastKnownFileType = sourcecode.swift; path = CourseroadViewController.swift; sourceTree = "<group>"; };
		9646CFD91EB921FE005F87CB /* Base */ = {isa = PBXFileReference; lastKnownFileType = file.storyboard; name = Base; path = Base.lproj/Main.storyboard; sourceTree = "<group>"; };
		9646CFDB1EB921FE005F87CB /* Assets.xcassets */ = {isa = PBXFileReference; lastKnownFileType = folder.assetcatalog; path = Assets.xcassets; sourceTree = "<group>"; };
		9646CFDE1EB921FE005F87CB /* Base */ = {isa = PBXFileReference; lastKnownFileType = file.storyboard; name = Base; path = Base.lproj/LaunchScreen.storyboard; sourceTree = "<group>"; };
		9646CFE01EB921FE005F87CB /* Info.plist */ = {isa = PBXFileReference; lastKnownFileType = text.plist.xml; path = Info.plist; sourceTree = "<group>"; };
		9646CFE51EB921FF005F87CB /* FireRoadTests.xctest */ = {isa = PBXFileReference; explicitFileType = wrapper.cfbundle; includeInIndex = 0; path = FireRoadTests.xctest; sourceTree = BUILT_PRODUCTS_DIR; };
		9646CFE91EB921FF005F87CB /* FireRoadTests.swift */ = {isa = PBXFileReference; lastKnownFileType = sourcecode.swift; path = FireRoadTests.swift; sourceTree = "<group>"; };
		9646CFEB1EB921FF005F87CB /* Info.plist */ = {isa = PBXFileReference; lastKnownFileType = text.plist.xml; path = Info.plist; sourceTree = "<group>"; };
		9646CFF41EB922C3005F87CB /* Course.swift */ = {isa = PBXFileReference; fileEncoding = 4; lastKnownFileType = sourcecode.swift; path = Course.swift; sourceTree = "<group>"; };
		9646CFF61EB9251A005F87CB /* CourseManager.swift */ = {isa = PBXFileReference; fileEncoding = 4; lastKnownFileType = sourcecode.swift; path = CourseManager.swift; sourceTree = "<group>"; };
		9646CFF81EB92525005F87CB /* User.swift */ = {isa = PBXFileReference; fileEncoding = 4; lastKnownFileType = sourcecode.swift; path = User.swift; sourceTree = "<group>"; };
		96500EAD1F7A056400872F82 /* RoundedToolbarView.swift */ = {isa = PBXFileReference; lastKnownFileType = sourcecode.swift; path = RoundedToolbarView.swift; sourceTree = "<group>"; };
		96500EB01F7C91C400872F82 /* CoreSpotlight.framework */ = {isa = PBXFileReference; lastKnownFileType = wrapper.framework; name = CoreSpotlight.framework; path = System/Library/Frameworks/CoreSpotlight.framework; sourceTree = SDKROOT; };
		96500EB21F7C91CA00872F82 /* MobileCoreServices.framework */ = {isa = PBXFileReference; lastKnownFileType = wrapper.framework; name = MobileCoreServices.framework; path = System/Library/Frameworks/MobileCoreServices.framework; sourceTree = SDKROOT; };
		9659E38A1F89A93F00E55FA2 /* UIViewControllerExtension.swift */ = {isa = PBXFileReference; lastKnownFileType = sourcecode.swift; path = UIViewControllerExtension.swift; sourceTree = "<group>"; };
		965F31BF1EBCC6440052C659 /* CourseBrowserViewController.swift */ = {isa = PBXFileReference; fileEncoding = 4; lastKnownFileType = sourcecode.swift; path = CourseBrowserViewController.swift; sourceTree = "<group>"; };
		9664153521C42C0500823768 /* RequirementsListDisplay.swift */ = {isa = PBXFileReference; lastKnownFileType = sourcecode.swift; path = RequirementsListDisplay.swift; sourceTree = "<group>"; };
		9669C7C71F90628300E60D89 /* MBProgressHUD.m */ = {isa = PBXFileReference; lastKnownFileType = sourcecode.c.objc; path = MBProgressHUD.m; sourceTree = "<group>"; };
		9669C7C81F90628300E60D89 /* MBProgressHUD.h */ = {isa = PBXFileReference; lastKnownFileType = sourcecode.c.h; path = MBProgressHUD.h; sourceTree = "<group>"; };
		96897B171EC8F5500011E572 /* CourseListCell.swift */ = {isa = PBXFileReference; fileEncoding = 4; lastKnownFileType = sourcecode.swift; path = CourseListCell.swift; sourceTree = "<group>"; };
		968F2A181FE223480082EE40 /* ScheduleConstraintViewController.swift */ = {isa = PBXFileReference; lastKnownFileType = sourcecode.swift; path = ScheduleConstraintViewController.swift; sourceTree = "<group>"; };
		968F2A1B1FE5A2E30082EE40 /* CourseListingMasterViewController.swift */ = {isa = PBXFileReference; lastKnownFileType = sourcecode.swift; path = CourseListingMasterViewController.swift; sourceTree = "<group>"; };
		968F2A1D1FE5A36E0082EE40 /* departments.txt */ = {isa = PBXFileReference; lastKnownFileType = text; path = departments.txt; sourceTree = "<group>"; };
		968F2A1F1FE5B2B80082EE40 /* HighlightCollectionCell.swift */ = {isa = PBXFileReference; lastKnownFileType = sourcecode.swift; path = HighlightCollectionCell.swift; sourceTree = "<group>"; };
		968F2A211FE5C4BE0082EE40 /* CourseListingViewController.swift */ = {isa = PBXFileReference; lastKnownFileType = sourcecode.swift; path = CourseListingViewController.swift; sourceTree = "<group>"; };
		96AA1BB421FC216600544C64 /* SubjectMarker.swift */ = {isa = PBXFileReference; lastKnownFileType = sourcecode.swift; path = SubjectMarker.swift; sourceTree = "<group>"; };
		96AA1BB621FC253C00544C64 /* TableMenuViewController.swift */ = {isa = PBXFileReference; lastKnownFileType = sourcecode.swift; path = TableMenuViewController.swift; sourceTree = "<group>"; };
		96AB872C1F91B46500F4F905 /* RequirementsBrowserTableCell.swift */ = {isa = PBXFileReference; lastKnownFileType = sourcecode.swift; path = RequirementsBrowserTableCell.swift; sourceTree = "<group>"; };
		96AC5F11200B047E00D80839 /* AuthenticationViewController.swift */ = {isa = PBXFileReference; lastKnownFileType = sourcecode.swift; path = AuthenticationViewController.swift; sourceTree = "<group>"; };
		96AC5F13200B125700D80839 /* KeychainItemWrapper.swift */ = {isa = PBXFileReference; fileEncoding = 4; lastKnownFileType = sourcecode.swift; path = KeychainItemWrapper.swift; sourceTree = "<group>"; };
		96AC5F19200D1F5500D80839 /* CourseSearchEngine.swift */ = {isa = PBXFileReference; fileEncoding = 4; lastKnownFileType = sourcecode.swift; path = CourseSearchEngine.swift; sourceTree = "<group>"; };
		96ACBD302027C299007B4618 /* test.reql */ = {isa = PBXFileReference; lastKnownFileType = text; path = test.reql; sourceTree = "<group>"; };
		96ACBD322029066B007B4618 /* README.md */ = {isa = PBXFileReference; lastKnownFileType = net.daringfireball.markdown; path = README.md; sourceTree = SOURCE_ROOT; };
		96BBE77421C57C550078D71D /* RequirementsConstants.swift */ = {isa = PBXFileReference; lastKnownFileType = sourcecode.swift; path = RequirementsConstants.swift; sourceTree = "<group>"; };
		96C4202821F50AF400603F9D /* CourseCollectionViewController.swift */ = {isa = PBXFileReference; lastKnownFileType = sourcecode.swift; path = CourseCollectionViewController.swift; sourceTree = "<group>"; };
		96C4202A21F50FA600603F9D /* CustomCoursesViewController.swift */ = {isa = PBXFileReference; lastKnownFileType = sourcecode.swift; path = CustomCoursesViewController.swift; sourceTree = "<group>"; };
		96C4202C21F51F9B00603F9D /* CustomCourseEditViewController.swift */ = {isa = PBXFileReference; lastKnownFileType = sourcecode.swift; path = CustomCourseEditViewController.swift; sourceTree = "<group>"; };
		96C4202E21F5353200603F9D /* CourseColorSelectCell.swift */ = {isa = PBXFileReference; lastKnownFileType = sourcecode.swift; path = CourseColorSelectCell.swift; sourceTree = "<group>"; };
		96C7769E1FDEDCBF00157F2D /* RequirementsListManager.swift */ = {isa = PBXFileReference; lastKnownFileType = sourcecode.swift; path = RequirementsListManager.swift; sourceTree = "<group>"; };
		96C776A01FDF411600157F2D /* WebpageViewController.swift */ = {isa = PBXFileReference; lastKnownFileType = sourcecode.swift; path = WebpageViewController.swift; sourceTree = "<group>"; };
		96C776A21FDF6D8600157F2D /* UITextViewPlaceholder.swift */ = {isa = PBXFileReference; fileEncoding = 4; lastKnownFileType = sourcecode.swift; path = UITextViewPlaceholder.swift; sourceTree = "<group>"; };
		96C776A41FDF717B00157F2D /* UIResponderExtension.swift */ = {isa = PBXFileReference; lastKnownFileType = sourcecode.swift; path = UIResponderExtension.swift; sourceTree = "<group>"; };
		96C82F191EDB222900423C53 /* CourseThumbnailCell.swift */ = {isa = PBXFileReference; fileEncoding = 4; lastKnownFileType = sourcecode.swift; path = CourseThumbnailCell.swift; sourceTree = "<group>"; };
		96D055241FB80B6600BD18A8 /* CourseFilterViewController.swift */ = {isa = PBXFileReference; lastKnownFileType = sourcecode.swift; path = CourseFilterViewController.swift; sourceTree = "<group>"; };
		96DD97322000916100E45F5F /* EventKit.framework */ = {isa = PBXFileReference; lastKnownFileType = wrapper.framework; name = EventKit.framework; path = System/Library/Frameworks/EventKit.framework; sourceTree = SDKROOT; };
		96DD97332000916200E45F5F /* EventKitUI.framework */ = {isa = PBXFileReference; lastKnownFileType = wrapper.framework; name = EventKitUI.framework; path = System/Library/Frameworks/EventKitUI.framework; sourceTree = SDKROOT; };
		96DD9736200095B100E45F5F /* CustomActivity.swift */ = {isa = PBXFileReference; lastKnownFileType = sourcecode.swift; path = CustomActivity.swift; sourceTree = "<group>"; };
		96DD97382000B36800E45F5F /* FireRoad.entitlements */ = {isa = PBXFileReference; lastKnownFileType = text.plist.entitlements; path = FireRoad.entitlements; sourceTree = "<group>"; };
		96DD97392005CCB000E45F5F /* ComputeQueue.swift */ = {isa = PBXFileReference; lastKnownFileType = sourcecode.swift; path = ComputeQueue.swift; sourceTree = "<group>"; };
		96DF60D81FF1856F006F1C6A /* CourseroadWarningsViewController.swift */ = {isa = PBXFileReference; lastKnownFileType = sourcecode.swift; path = CourseroadWarningsViewController.swift; sourceTree = "<group>"; };
		96DF60DA1FFBF5DB006F1C6A /* DocumentBrowseViewController.swift */ = {isa = PBXFileReference; lastKnownFileType = sourcecode.swift; path = DocumentBrowseViewController.swift; sourceTree = "<group>"; };
		96DF60DE20002481006F1C6A /* RateIndividualViewController.swift */ = {isa = PBXFileReference; lastKnownFileType = sourcecode.swift; path = RateIndividualViewController.swift; sourceTree = "<group>"; };
		96DF60E020002492006F1C6A /* RatingView.swift */ = {isa = PBXFileReference; lastKnownFileType = sourcecode.swift; path = RatingView.swift; sourceTree = "<group>"; };
		96EBE5651FBF9B8500FABE1E /* ScheduleViewController.swift */ = {isa = PBXFileReference; lastKnownFileType = sourcecode.swift; path = ScheduleViewController.swift; sourceTree = "<group>"; };
		96EBE5671FBF9E2B00FABE1E /* PanelParentViewController.swift */ = {isa = PBXFileReference; lastKnownFileType = sourcecode.swift; path = PanelParentViewController.swift; sourceTree = "<group>"; };
		96EBE5691FBFDE5600FABE1E /* ScheduleGridViewController.swift */ = {isa = PBXFileReference; lastKnownFileType = sourcecode.swift; path = ScheduleGridViewController.swift; sourceTree = "<group>"; };
		96EBE56B1FBFDF0900FABE1E /* ScheduleModel.swift */ = {isa = PBXFileReference; lastKnownFileType = sourcecode.swift; path = ScheduleModel.swift; sourceTree = "<group>"; };
		96F6530B2094F193006F5DAB /* road_file_spec.md */ = {isa = PBXFileReference; lastKnownFileType = net.daringfireball.markdown; path = road_file_spec.md; sourceTree = "<group>"; };
		96F6530C2094F401006F5DAB /* schedule_file_spec.md */ = {isa = PBXFileReference; lastKnownFileType = net.daringfireball.markdown; path = schedule_file_spec.md; sourceTree = "<group>"; };
		DB0DAAD723E2650D000A04AE /* CourseSortHelper.swift */ = {isa = PBXFileReference; lastKnownFileType = sourcecode.swift; path = CourseSortHelper.swift; sourceTree = "<group>"; };
/* End PBXFileReference section */

/* Begin PBXFrameworksBuildPhase section */
		9646CFCC1EB921FE005F87CB /* Frameworks */ = {
			isa = PBXFrameworksBuildPhase;
			buildActionMask = 2147483647;
			files = (
				96DD97342000916200E45F5F /* EventKit.framework in Frameworks */,
				96DD97352000916200E45F5F /* EventKitUI.framework in Frameworks */,
				96500EB31F7C91CA00872F82 /* MobileCoreServices.framework in Frameworks */,
				96500EB11F7C91C500872F82 /* CoreSpotlight.framework in Frameworks */,
			);
			runOnlyForDeploymentPostprocessing = 0;
		};
		9646CFE21EB921FF005F87CB /* Frameworks */ = {
			isa = PBXFrameworksBuildPhase;
			buildActionMask = 2147483647;
			files = (
			);
			runOnlyForDeploymentPostprocessing = 0;
		};
/* End PBXFrameworksBuildPhase section */

/* Begin PBXGroup section */
		962C9772201EA6240046C13D /* Settings */ = {
			isa = PBXGroup;
			children = (
				962C976C201E46D30046C13D /* AppSettings.swift */,
				962C976E201E4E7C0046C13D /* AppSettingsViewController.swift */,
			);
			name = Settings;
			sourceTree = "<group>";
		};
		9646CFC61EB921FE005F87CB = {
			isa = PBXGroup;
			children = (
				960A8A162035043500DF7819 /* Icon-180.png */,
				9646CFD11EB921FE005F87CB /* FireRoad */,
				9646CFE81EB921FF005F87CB /* FireRoadTests */,
				9646CFD01EB921FE005F87CB /* Products */,
				96500EAF1F7C91C400872F82 /* Frameworks */,
			);
			sourceTree = "<group>";
		};
		9646CFD01EB921FE005F87CB /* Products */ = {
			isa = PBXGroup;
			children = (
				9646CFCF1EB921FE005F87CB /* FireRoad.app */,
				9646CFE51EB921FF005F87CB /* FireRoadTests.xctest */,
			);
			name = Products;
			sourceTree = "<group>";
		};
		9646CFD11EB921FE005F87CB /* FireRoad */ = {
			isa = PBXGroup;
			children = (
				96DD97382000B36800E45F5F /* FireRoad.entitlements */,
				9646CFD21EB921FE005F87CB /* AppDelegate.swift */,
				9646CFF61EB9251A005F87CB /* CourseManager.swift */,
				961DBBD7211CDE4F002E516E /* CloudSyncManager.swift */,
				9646CFF41EB922C3005F87CB /* Course.swift */,
				962C9768201BF0FC0046C13D /* UserDocument.swift */,
				9646CFF81EB92525005F87CB /* User.swift */,
				96AA1BB421FC216600544C64 /* SubjectMarker.swift */,
				962DAD651F89A6180011D96F /* RootTabViewController.swift */,
				960A1F091FDA21A500C53E43 /* CourseDisplayManager.swift */,
				96EBE5671FBF9E2B00FABE1E /* PanelParentViewController.swift */,
				9646CFD41EB921FE005F87CB /* CatalogViewController.swift */,
				960A1F071FDA1FCC00C53E43 /* CommonStrings.swift */,
				96AC5F11200B047E00D80839 /* AuthenticationViewController.swift */,
				962C9775202036C10046C13D /* IntroViewController.swift */,
				962C9772201EA6240046C13D /* Settings */,
				968F2A1A1FE59F880082EE40 /* Browse View */,
				9669C7CA1F9062A800E60D89 /* Course Road */,
				96EBE5641FBEB3F900FABE1E /* Schedule */,
				9669C7B81F9061E700E60D89 /* Requirements Browser */,
				9669C7CC1F9062FF00E60D89 /* Useful View Controllers */,
				9669C7CB1F9062CB00E60D89 /* Cell Subclasses */,
				9669C7C01F90623D00E60D89 /* Helpers */,
				9646CFD81EB921FE005F87CB /* Main.storyboard */,
				962C9773202030A60046C13D /* Intro.storyboard */,
				9646CFDB1EB921FE005F87CB /* Assets.xcassets */,
				9646CFDD1EB921FE005F87CB /* LaunchScreen.storyboard */,
				9646CFE01EB921FE005F87CB /* Info.plist */,
				961E49FE1EC7771D002BABB9 /* enrollment.txt */,
				9611CD821F9287CE00DE2BDE /* acknowledgements.txt */,
				9626B6E41F80AF1F009F6F96 /* course_requirements_spec.md */,
				96F6530B2094F193006F5DAB /* road_file_spec.md */,
				96F6530C2094F401006F5DAB /* schedule_file_spec.md */,
				96ACBD322029066B007B4618 /* README.md */,
				968F2A1D1FE5A36E0082EE40 /* departments.txt */,
				96293C471FEAD21300F1BDFD /* color_checker.py */,
				963BE4381F8AAA57008905AE /* FireRoad-Bridging-Header.h */,
				962C9770201E5BD90046C13D /* license.txt */,
			);
			path = FireRoad;
			sourceTree = "<group>";
		};
		9646CFE81EB921FF005F87CB /* FireRoadTests */ = {
			isa = PBXGroup;
			children = (
				9646CFE91EB921FF005F87CB /* FireRoadTests.swift */,
				96ACBD302027C299007B4618 /* test.reql */,
				9646CFEB1EB921FF005F87CB /* Info.plist */,
			);
			path = FireRoadTests;
			sourceTree = "<group>";
		};
		96500EAF1F7C91C400872F82 /* Frameworks */ = {
			isa = PBXGroup;
			children = (
				96DD97322000916100E45F5F /* EventKit.framework */,
				96DD97332000916200E45F5F /* EventKitUI.framework */,
				96500EB21F7C91CA00872F82 /* MobileCoreServices.framework */,
				96500EB01F7C91C400872F82 /* CoreSpotlight.framework */,
			);
			name = Frameworks;
			sourceTree = "<group>";
		};
		9669C7B81F9061E700E60D89 /* Requirements Browser */ = {
			isa = PBXGroup;
			children = (
				9626B6E51F815686009F6F96 /* RequirementsBrowserViewController.swift */,
				9626B6E71F815692009F6F96 /* RequirementsListViewController.swift */,
				9664153521C42C0500823768 /* RequirementsListDisplay.swift */,
				96BBE77421C57C550078D71D /* RequirementsConstants.swift */,
				9626B6E91F815917009F6F96 /* RequirementsList.swift */,
				96C7769E1FDEDCBF00157F2D /* RequirementsListManager.swift */,
				9617256023E2697D00735741 /* ProgressAssertion.swift */,
			);
			name = "Requirements Browser";
			sourceTree = "<group>";
		};
		9669C7C01F90623D00E60D89 /* Helpers */ = {
			isa = PBXGroup;
			children = (
				96AC5F13200B125700D80839 /* KeychainItemWrapper.swift */,
				961DBBD9211CE650002E516E /* TimeAgo.swift */,
				96C776A21FDF6D8600157F2D /* UITextViewPlaceholder.swift */,
				961E4A021EC8082A002BABB9 /* FlatPushAnimator.swift */,
				9611BE331F7EE43C0090137E /* ArrayExtension.swift */,
				9626B6E01F8070EB009F6F96 /* StringExtension.swift */,
				9659E38A1F89A93F00E55FA2 /* UIViewControllerExtension.swift */,
				9669C7C81F90628300E60D89 /* MBProgressHUD.h */,
				9669C7C71F90628300E60D89 /* MBProgressHUD.m */,
				96C776A41FDF717B00157F2D /* UIResponderExtension.swift */,
				96DD9736200095B100E45F5F /* CustomActivity.swift */,
				96DD97392005CCB000E45F5F /* ComputeQueue.swift */,
				960A8A1920350AA600DF7819 /* UIScrollViewExtension.swift */,
				961DBBDB211D04FB002E516E /* UIAlertControllerExtension.swift */,
				DB0DAAD723E2650D000A04AE /* CourseSortHelper.swift */,
			);
			name = Helpers;
			sourceTree = "<group>";
		};
		9669C7CA1F9062A800E60D89 /* Course Road */ = {
			isa = PBXGroup;
			children = (
				9646CFD61EB921FE005F87CB /* CourseroadViewController.swift */,
				961E4A001EC7A8C5002BABB9 /* PanelViewController.swift */,
				96500EAD1F7A056400872F82 /* RoundedToolbarView.swift */,
				96DF60D81FF1856F006F1C6A /* CourseroadWarningsViewController.swift */,
			);
			name = "Course Road";
			sourceTree = "<group>";
		};
		9669C7CB1F9062CB00E60D89 /* Cell Subclasses */ = {
			isa = PBXGroup;
			children = (
				961E498E1EBF97A4002BABB9 /* CourseBrowserCell.swift */,
				96C82F191EDB222900423C53 /* CourseThumbnailCell.swift */,
				96897B171EC8F5500011E572 /* CourseListCell.swift */,
				968F2A1F1FE5B2B80082EE40 /* HighlightCollectionCell.swift */,
				96AB872C1F91B46500F4F905 /* RequirementsBrowserTableCell.swift */,
				96C4202E21F5353200603F9D /* CourseColorSelectCell.swift */,
			);
			name = "Cell Subclasses";
			sourceTree = "<group>";
		};
		9669C7CC1F9062FF00E60D89 /* Useful View Controllers */ = {
			isa = PBXGroup;
			children = (
				961E49FC1EC6A8CB002BABB9 /* CourseDetailsViewController.swift */,
				965F31BF1EBCC6440052C659 /* CourseBrowserViewController.swift */,
				96AC5F19200D1F5500D80839 /* CourseSearchEngine.swift */,
				9611CD801F92851400DE2BDE /* PopDownTableMenuController.swift */,
				96D055241FB80B6600BD18A8 /* CourseFilterViewController.swift */,
				96C776A01FDF411600157F2D /* WebpageViewController.swift */,
				96DF60DA1FFBF5DB006F1C6A /* DocumentBrowseViewController.swift */,
				96DF60DE20002481006F1C6A /* RateIndividualViewController.swift */,
				96DF60E020002492006F1C6A /* RatingView.swift */,
				96C4202821F50AF400603F9D /* CourseCollectionViewController.swift */,
				96C4202A21F50FA600603F9D /* CustomCoursesViewController.swift */,
				96C4202C21F51F9B00603F9D /* CustomCourseEditViewController.swift */,
				96AA1BB621FC253C00544C64 /* TableMenuViewController.swift */,
				9617256223E2833B00735741 /* CourseMultiSelectViewController.swift */,
			);
			name = "Useful View Controllers";
			sourceTree = "<group>";
		};
		968F2A1A1FE59F880082EE40 /* Browse View */ = {
			isa = PBXGroup;
			children = (
				968F2A1B1FE5A2E30082EE40 /* CourseListingMasterViewController.swift */,
				968F2A211FE5C4BE0082EE40 /* CourseListingViewController.swift */,
			);
			name = "Browse View";
			sourceTree = "<group>";
		};
		96EBE5641FBEB3F900FABE1E /* Schedule */ = {
			isa = PBXGroup;
			children = (
				96EBE5651FBF9B8500FABE1E /* ScheduleViewController.swift */,
				96EBE5691FBFDE5600FABE1E /* ScheduleGridViewController.swift */,
				96EBE56B1FBFDF0900FABE1E /* ScheduleModel.swift */,
				968F2A181FE223480082EE40 /* ScheduleConstraintViewController.swift */,
				962C976A201CFD520046C13D /* ScheduleItemProviders.swift */,
			);
			name = Schedule;
			sourceTree = "<group>";
		};
/* End PBXGroup section */

/* Begin PBXNativeTarget section */
		9646CFCE1EB921FE005F87CB /* FireRoad */ = {
			isa = PBXNativeTarget;
			buildConfigurationList = 9646CFEE1EB921FF005F87CB /* Build configuration list for PBXNativeTarget "FireRoad" */;
			buildPhases = (
				9646CFCB1EB921FE005F87CB /* Sources */,
				9646CFCC1EB921FE005F87CB /* Frameworks */,
				9646CFCD1EB921FE005F87CB /* Resources */,
			);
			buildRules = (
			);
			dependencies = (
			);
			name = FireRoad;
			productName = FireRoad;
			productReference = 9646CFCF1EB921FE005F87CB /* FireRoad.app */;
			productType = "com.apple.product-type.application";
		};
		9646CFE41EB921FF005F87CB /* FireRoadTests */ = {
			isa = PBXNativeTarget;
			buildConfigurationList = 9646CFF11EB921FF005F87CB /* Build configuration list for PBXNativeTarget "FireRoadTests" */;
			buildPhases = (
				9646CFE11EB921FF005F87CB /* Sources */,
				9646CFE21EB921FF005F87CB /* Frameworks */,
				9646CFE31EB921FF005F87CB /* Resources */,
			);
			buildRules = (
			);
			dependencies = (
				9646CFE71EB921FF005F87CB /* PBXTargetDependency */,
			);
			name = FireRoadTests;
			productName = FireRoadTests;
			productReference = 9646CFE51EB921FF005F87CB /* FireRoadTests.xctest */;
			productType = "com.apple.product-type.bundle.unit-test";
		};
/* End PBXNativeTarget section */

/* Begin PBXProject section */
		9646CFC71EB921FE005F87CB /* Project object */ = {
			isa = PBXProject;
			attributes = {
				LastSwiftUpdateCheck = 1010;
				LastUpgradeCheck = 0940;
				ORGANIZATIONNAME = "Base 12 Innovations";
				TargetAttributes = {
					9646CFCE1EB921FE005F87CB = {
						CreatedOnToolsVersion = 8.3.1;
						DevelopmentTeam = PTB6T29SN3;
						LastSwiftMigration = 0900;
						ProvisioningStyle = Manual;
						SystemCapabilities = {
							com.apple.Keychain = {
								enabled = 1;
							};
							com.apple.iCloud = {
								enabled = 0;
							};
						};
					};
					9646CFE41EB921FF005F87CB = {
						CreatedOnToolsVersion = 8.3.1;
						DevelopmentTeam = PTB6T29SN3;
						LastSwiftMigration = 0900;
						ProvisioningStyle = Automatic;
						TestTargetID = 9646CFCE1EB921FE005F87CB;
					};
				};
			};
			buildConfigurationList = 9646CFCA1EB921FE005F87CB /* Build configuration list for PBXProject "FireRoad" */;
			compatibilityVersion = "Xcode 3.2";
			developmentRegion = English;
			hasScannedForEncodings = 0;
			knownRegions = (
				English,
				en,
				Base,
			);
			mainGroup = 9646CFC61EB921FE005F87CB;
			productRefGroup = 9646CFD01EB921FE005F87CB /* Products */;
			projectDirPath = "";
			projectRoot = "";
			targets = (
				9646CFCE1EB921FE005F87CB /* FireRoad */,
				9646CFE41EB921FF005F87CB /* FireRoadTests */,
			);
		};
/* End PBXProject section */

/* Begin PBXResourcesBuildPhase section */
		9646CFCD1EB921FE005F87CB /* Resources */ = {
			isa = PBXResourcesBuildPhase;
			buildActionMask = 2147483647;
			files = (
				968F2A1E1FE5A36E0082EE40 /* departments.txt in Resources */,
				9646CFDF1EB921FE005F87CB /* LaunchScreen.storyboard in Resources */,
				96293C481FEAD21300F1BDFD /* color_checker.py in Resources */,
				962C9774202030A60046C13D /* Intro.storyboard in Resources */,
				962C9771201E5BD90046C13D /* license.txt in Resources */,
				9646CFDC1EB921FE005F87CB /* Assets.xcassets in Resources */,
				9611CD831F9287CE00DE2BDE /* acknowledgements.txt in Resources */,
				960A8A172035043600DF7819 /* Icon-180.png in Resources */,
				9646CFDA1EB921FE005F87CB /* Main.storyboard in Resources */,
			);
			runOnlyForDeploymentPostprocessing = 0;
		};
		9646CFE31EB921FF005F87CB /* Resources */ = {
			isa = PBXResourcesBuildPhase;
			buildActionMask = 2147483647;
			files = (
				96ACBD312027C299007B4618 /* test.reql in Resources */,
			);
			runOnlyForDeploymentPostprocessing = 0;
		};
/* End PBXResourcesBuildPhase section */

/* Begin PBXSourcesBuildPhase section */
		9646CFCB1EB921FE005F87CB /* Sources */ = {
			isa = PBXSourcesBuildPhase;
			buildActionMask = 2147483647;
			files = (
				96DF60D91FF1856F006F1C6A /* CourseroadWarningsViewController.swift in Sources */,
				9611BE341F7EE43C0090137E /* ArrayExtension.swift in Sources */,
				96DD973A2005CCB000E45F5F /* ComputeQueue.swift in Sources */,
				960A1F0A1FDA21A500C53E43 /* CourseDisplayManager.swift in Sources */,
				968F2A191FE223480082EE40 /* ScheduleConstraintViewController.swift in Sources */,
				962C976F201E4E7C0046C13D /* AppSettingsViewController.swift in Sources */,
				968F2A221FE5C4BE0082EE40 /* CourseListingViewController.swift in Sources */,
				965F31C01EBCC6440052C659 /* CourseBrowserViewController.swift in Sources */,
				96AA1BB721FC253C00544C64 /* TableMenuViewController.swift in Sources */,
				961DBBDA211CE650002E516E /* TimeAgo.swift in Sources */,
				9646CFF51EB922C3005F87CB /* Course.swift in Sources */,
				961E4A031EC8082A002BABB9 /* FlatPushAnimator.swift in Sources */,
				96AB872D1F91B46500F4F905 /* RequirementsBrowserTableCell.swift in Sources */,
				962C976B201CFD520046C13D /* ScheduleItemProviders.swift in Sources */,
				96BBE77521C57C550078D71D /* RequirementsConstants.swift in Sources */,
				962DAD661F89A6180011D96F /* RootTabViewController.swift in Sources */,
				9659E38B1F89A93F00E55FA2 /* UIViewControllerExtension.swift in Sources */,
				9617256123E2697D00735741 /* ProgressAssertion.swift in Sources */,
				9626B6E11F8070EB009F6F96 /* StringExtension.swift in Sources */,
				960A8A1A20350AA600DF7819 /* UIScrollViewExtension.swift in Sources */,
				961DBBD8211CDE4F002E516E /* CloudSyncManager.swift in Sources */,
				96C82F1A1EDB222900423C53 /* CourseThumbnailCell.swift in Sources */,
				9626B6E61F815686009F6F96 /* RequirementsBrowserViewController.swift in Sources */,
				96EBE56A1FBFDE5600FABE1E /* ScheduleGridViewController.swift in Sources */,
				960A1F081FDA1FCC00C53E43 /* CommonStrings.swift in Sources */,
				96EBE5681FBF9E2B00FABE1E /* PanelParentViewController.swift in Sources */,
				9646CFD71EB921FE005F87CB /* CourseroadViewController.swift in Sources */,
				961E49FD1EC6A8CB002BABB9 /* CourseDetailsViewController.swift in Sources */,
				9646CFF91EB92525005F87CB /* User.swift in Sources */,
				96C4202921F50AF400603F9D /* CourseCollectionViewController.swift in Sources */,
				96AA1BB521FC216600544C64 /* SubjectMarker.swift in Sources */,
				968F2A1C1FE5A2E30082EE40 /* CourseListingMasterViewController.swift in Sources */,
				96EBE5661FBF9B8500FABE1E /* ScheduleViewController.swift in Sources */,
				9646CFF71EB9251A005F87CB /* CourseManager.swift in Sources */,
				96AC5F12200B047E00D80839 /* AuthenticationViewController.swift in Sources */,
				962C976D201E46D40046C13D /* AppSettings.swift in Sources */,
				96C776A31FDF6D8600157F2D /* UITextViewPlaceholder.swift in Sources */,
				96C7769F1FDEDCBF00157F2D /* RequirementsListManager.swift in Sources */,
				96AC5F14200B125700D80839 /* KeychainItemWrapper.swift in Sources */,
				9646CFD31EB921FE005F87CB /* AppDelegate.swift in Sources */,
				96C4202F21F5353200603F9D /* CourseColorSelectCell.swift in Sources */,
				96EBE56C1FBFDF0900FABE1E /* ScheduleModel.swift in Sources */,
				96DF60DF20002481006F1C6A /* RateIndividualViewController.swift in Sources */,
				9617256323E2833B00735741 /* CourseMultiSelectViewController.swift in Sources */,
				96DF60E120002492006F1C6A /* RatingView.swift in Sources */,
				96AC5F1A200D1F5500D80839 /* CourseSearchEngine.swift in Sources */,
				96897B181EC8F5500011E572 /* CourseListCell.swift in Sources */,
				96C4202D21F51F9B00603F9D /* CustomCourseEditViewController.swift in Sources */,
				96C776A11FDF411600157F2D /* WebpageViewController.swift in Sources */,
				9669C7C91F90628400E60D89 /* MBProgressHUD.m in Sources */,
				96500EAE1F7A056400872F82 /* RoundedToolbarView.swift in Sources */,
				96DF60DB1FFBF5DB006F1C6A /* DocumentBrowseViewController.swift in Sources */,
				96C4202B21F50FA600603F9D /* CustomCoursesViewController.swift in Sources */,
				96D055251FB80B6700BD18A8 /* CourseFilterViewController.swift in Sources */,
				9626B6EA1F815917009F6F96 /* RequirementsList.swift in Sources */,
				9664153621C42C0500823768 /* RequirementsListDisplay.swift in Sources */,
				DB0DAAD823E2650D000A04AE /* CourseSortHelper.swift in Sources */,
				9646CFD51EB921FE005F87CB /* CatalogViewController.swift in Sources */,
				962C9769201BF0FC0046C13D /* UserDocument.swift in Sources */,
				962C9776202036C10046C13D /* IntroViewController.swift in Sources */,
				961E498F1EBF97A4002BABB9 /* CourseBrowserCell.swift in Sources */,
				9626B6E81F815692009F6F96 /* RequirementsListViewController.swift in Sources */,
				9611CD811F92851400DE2BDE /* PopDownTableMenuController.swift in Sources */,
				961E4A011EC7A8C5002BABB9 /* PanelViewController.swift in Sources */,
				96C776A51FDF717B00157F2D /* UIResponderExtension.swift in Sources */,
				968F2A201FE5B2B80082EE40 /* HighlightCollectionCell.swift in Sources */,
				961DBBDC211D04FB002E516E /* UIAlertControllerExtension.swift in Sources */,
				96DD9737200095B100E45F5F /* CustomActivity.swift in Sources */,
			);
			runOnlyForDeploymentPostprocessing = 0;
		};
		9646CFE11EB921FF005F87CB /* Sources */ = {
			isa = PBXSourcesBuildPhase;
			buildActionMask = 2147483647;
			files = (
				9646CFEA1EB921FF005F87CB /* FireRoadTests.swift in Sources */,
			);
			runOnlyForDeploymentPostprocessing = 0;
		};
/* End PBXSourcesBuildPhase section */

/* Begin PBXTargetDependency section */
		9646CFE71EB921FF005F87CB /* PBXTargetDependency */ = {
			isa = PBXTargetDependency;
			target = 9646CFCE1EB921FE005F87CB /* FireRoad */;
			targetProxy = 9646CFE61EB921FF005F87CB /* PBXContainerItemProxy */;
		};
/* End PBXTargetDependency section */

/* Begin PBXVariantGroup section */
		9646CFD81EB921FE005F87CB /* Main.storyboard */ = {
			isa = PBXVariantGroup;
			children = (
				9646CFD91EB921FE005F87CB /* Base */,
			);
			name = Main.storyboard;
			sourceTree = "<group>";
		};
		9646CFDD1EB921FE005F87CB /* LaunchScreen.storyboard */ = {
			isa = PBXVariantGroup;
			children = (
				9646CFDE1EB921FE005F87CB /* Base */,
			);
			name = LaunchScreen.storyboard;
			sourceTree = "<group>";
		};
/* End PBXVariantGroup section */

/* Begin XCBuildConfiguration section */
		9646CFEC1EB921FF005F87CB /* Debug */ = {
			isa = XCBuildConfiguration;
			buildSettings = {
				ALWAYS_SEARCH_USER_PATHS = NO;
				CLANG_ANALYZER_NONNULL = YES;
				CLANG_ANALYZER_NUMBER_OBJECT_CONVERSION = YES_AGGRESSIVE;
				CLANG_CXX_LANGUAGE_STANDARD = "gnu++0x";
				CLANG_CXX_LIBRARY = "libc++";
				CLANG_ENABLE_MODULES = YES;
				CLANG_ENABLE_OBJC_ARC = YES;
				CLANG_WARN_BLOCK_CAPTURE_AUTORELEASING = YES;
				CLANG_WARN_BOOL_CONVERSION = YES;
				CLANG_WARN_COMMA = YES;
				CLANG_WARN_CONSTANT_CONVERSION = YES;
				CLANG_WARN_DEPRECATED_OBJC_IMPLEMENTATIONS = YES;
				CLANG_WARN_DIRECT_OBJC_ISA_USAGE = YES_ERROR;
				CLANG_WARN_DOCUMENTATION_COMMENTS = YES;
				CLANG_WARN_EMPTY_BODY = YES;
				CLANG_WARN_ENUM_CONVERSION = YES;
				CLANG_WARN_INFINITE_RECURSION = YES;
				CLANG_WARN_INT_CONVERSION = YES;
				CLANG_WARN_NON_LITERAL_NULL_CONVERSION = YES;
				CLANG_WARN_OBJC_IMPLICIT_RETAIN_SELF = YES;
				CLANG_WARN_OBJC_LITERAL_CONVERSION = YES;
				CLANG_WARN_OBJC_ROOT_CLASS = YES_ERROR;
				CLANG_WARN_RANGE_LOOP_ANALYSIS = YES;
				CLANG_WARN_STRICT_PROTOTYPES = YES;
				CLANG_WARN_SUSPICIOUS_MOVE = YES;
				CLANG_WARN_UNREACHABLE_CODE = YES;
				CLANG_WARN__DUPLICATE_METHOD_MATCH = YES;
				"CODE_SIGN_IDENTITY[sdk=iphoneos*]" = "iPhone Developer";
				COPY_PHASE_STRIP = NO;
				DEBUG_INFORMATION_FORMAT = dwarf;
				ENABLE_STRICT_OBJC_MSGSEND = YES;
				ENABLE_TESTABILITY = YES;
				GCC_C_LANGUAGE_STANDARD = gnu99;
				GCC_DYNAMIC_NO_PIC = NO;
				GCC_NO_COMMON_BLOCKS = YES;
				GCC_OPTIMIZATION_LEVEL = 0;
				GCC_PREPROCESSOR_DEFINITIONS = (
					"DEBUG=1",
					"$(inherited)",
				);
				GCC_WARN_64_TO_32_BIT_CONVERSION = YES;
				GCC_WARN_ABOUT_RETURN_TYPE = YES_ERROR;
				GCC_WARN_UNDECLARED_SELECTOR = YES;
				GCC_WARN_UNINITIALIZED_AUTOS = YES_AGGRESSIVE;
				GCC_WARN_UNUSED_FUNCTION = YES;
				GCC_WARN_UNUSED_VARIABLE = YES;
				IPHONEOS_DEPLOYMENT_TARGET = 10.3;
				MTL_ENABLE_DEBUG_INFO = YES;
				ONLY_ACTIVE_ARCH = YES;
				SDKROOT = iphoneos;
				SWIFT_ACTIVE_COMPILATION_CONDITIONS = DEBUG;
				SWIFT_OPTIMIZATION_LEVEL = "-Onone";
				TARGETED_DEVICE_FAMILY = "1,2";
			};
			name = Debug;
		};
		9646CFED1EB921FF005F87CB /* Release */ = {
			isa = XCBuildConfiguration;
			buildSettings = {
				ALWAYS_SEARCH_USER_PATHS = NO;
				CLANG_ANALYZER_NONNULL = YES;
				CLANG_ANALYZER_NUMBER_OBJECT_CONVERSION = YES_AGGRESSIVE;
				CLANG_CXX_LANGUAGE_STANDARD = "gnu++0x";
				CLANG_CXX_LIBRARY = "libc++";
				CLANG_ENABLE_MODULES = YES;
				CLANG_ENABLE_OBJC_ARC = YES;
				CLANG_WARN_BLOCK_CAPTURE_AUTORELEASING = YES;
				CLANG_WARN_BOOL_CONVERSION = YES;
				CLANG_WARN_COMMA = YES;
				CLANG_WARN_CONSTANT_CONVERSION = YES;
				CLANG_WARN_DEPRECATED_OBJC_IMPLEMENTATIONS = YES;
				CLANG_WARN_DIRECT_OBJC_ISA_USAGE = YES_ERROR;
				CLANG_WARN_DOCUMENTATION_COMMENTS = YES;
				CLANG_WARN_EMPTY_BODY = YES;
				CLANG_WARN_ENUM_CONVERSION = YES;
				CLANG_WARN_INFINITE_RECURSION = YES;
				CLANG_WARN_INT_CONVERSION = YES;
				CLANG_WARN_NON_LITERAL_NULL_CONVERSION = YES;
				CLANG_WARN_OBJC_IMPLICIT_RETAIN_SELF = YES;
				CLANG_WARN_OBJC_LITERAL_CONVERSION = YES;
				CLANG_WARN_OBJC_ROOT_CLASS = YES_ERROR;
				CLANG_WARN_RANGE_LOOP_ANALYSIS = YES;
				CLANG_WARN_STRICT_PROTOTYPES = YES;
				CLANG_WARN_SUSPICIOUS_MOVE = YES;
				CLANG_WARN_UNREACHABLE_CODE = YES;
				CLANG_WARN__DUPLICATE_METHOD_MATCH = YES;
				"CODE_SIGN_IDENTITY[sdk=iphoneos*]" = "iPhone Developer";
				COPY_PHASE_STRIP = NO;
				DEBUG_INFORMATION_FORMAT = "dwarf-with-dsym";
				ENABLE_NS_ASSERTIONS = NO;
				ENABLE_STRICT_OBJC_MSGSEND = YES;
				GCC_C_LANGUAGE_STANDARD = gnu99;
				GCC_NO_COMMON_BLOCKS = YES;
				GCC_WARN_64_TO_32_BIT_CONVERSION = YES;
				GCC_WARN_ABOUT_RETURN_TYPE = YES_ERROR;
				GCC_WARN_UNDECLARED_SELECTOR = YES;
				GCC_WARN_UNINITIALIZED_AUTOS = YES_AGGRESSIVE;
				GCC_WARN_UNUSED_FUNCTION = YES;
				GCC_WARN_UNUSED_VARIABLE = YES;
				IPHONEOS_DEPLOYMENT_TARGET = 10.3;
				MTL_ENABLE_DEBUG_INFO = NO;
				SDKROOT = iphoneos;
				SWIFT_OPTIMIZATION_LEVEL = "-Owholemodule";
				TARGETED_DEVICE_FAMILY = "1,2";
				VALIDATE_PRODUCT = YES;
			};
			name = Release;
		};
		9646CFEF1EB921FF005F87CB /* Debug */ = {
			isa = XCBuildConfiguration;
			buildSettings = {
				ASSETCATALOG_COMPILER_APPICON_NAME = AppIcon;
				CLANG_ENABLE_MODULES = YES;
				CODE_SIGN_ENTITLEMENTS = FireRoad/FireRoad.entitlements;
				"CODE_SIGN_IDENTITY[sdk=iphoneos*]" = "iPhone Developer";
				CODE_SIGN_STYLE = Manual;
				CURRENT_PROJECT_VERSION = 38;
				DEVELOPMENT_TEAM = PTB6T29SN3;
				INFOPLIST_FILE = FireRoad/Info.plist;
				LD_RUNPATH_SEARCH_PATHS = "$(inherited) @executable_path/Frameworks";
				MARKETING_VERSION = 1.4;
				PRODUCT_BUNDLE_IDENTIFIER = com.base12innovations.FireRoad;
				PRODUCT_NAME = "$(TARGET_NAME)";
				PROVISIONING_PROFILE = "b62e534e-4e76-4d00-955c-e250d3d275df";
				PROVISIONING_PROFILE_SPECIFIER = "FireRoad Dev";
				SWIFT_OBJC_BRIDGING_HEADER = "FireRoad/FireRoad-Bridging-Header.h";
				SWIFT_OPTIMIZATION_LEVEL = "-Onone";
				SWIFT_SWIFT3_OBJC_INFERENCE = Default;
				SWIFT_VERSION = 4.0;
			};
			name = Debug;
		};
		9646CFF01EB921FF005F87CB /* Release */ = {
			isa = XCBuildConfiguration;
			buildSettings = {
				ASSETCATALOG_COMPILER_APPICON_NAME = AppIcon;
				CLANG_ENABLE_MODULES = YES;
				CODE_SIGN_ENTITLEMENTS = FireRoad/FireRoad.entitlements;
				"CODE_SIGN_IDENTITY[sdk=iphoneos*]" = "iPhone Distribution";
				CODE_SIGN_STYLE = Manual;
				CURRENT_PROJECT_VERSION = 38;
				DEVELOPMENT_TEAM = PTB6T29SN3;
				INFOPLIST_FILE = FireRoad/Info.plist;
				LD_RUNPATH_SEARCH_PATHS = "$(inherited) @executable_path/Frameworks";
				MARKETING_VERSION = 1.4;
				PRODUCT_BUNDLE_IDENTIFIER = com.base12innovations.FireRoad;
				PRODUCT_NAME = "$(TARGET_NAME)";
				PROVISIONING_PROFILE = "d64f5c74-798c-4827-b8ea-76e0116d6a71";
				PROVISIONING_PROFILE_SPECIFIER = "FireRoad Distribution";
				SWIFT_OBJC_BRIDGING_HEADER = "FireRoad/FireRoad-Bridging-Header.h";
				SWIFT_SWIFT3_OBJC_INFERENCE = Default;
				SWIFT_VERSION = 4.0;
			};
			name = Release;
		};
		9646CFF21EB921FF005F87CB /* Debug */ = {
			isa = XCBuildConfiguration;
			buildSettings = {
				ALWAYS_EMBED_SWIFT_STANDARD_LIBRARIES = YES;
				BUNDLE_LOADER = "$(TEST_HOST)";
				DEVELOPMENT_TEAM = PTB6T29SN3;
				INFOPLIST_FILE = FireRoadTests/Info.plist;
				LD_RUNPATH_SEARCH_PATHS = "$(inherited) @executable_path/Frameworks @loader_path/Frameworks";
				PRODUCT_BUNDLE_IDENTIFIER = com.base12innovations.FireRoadTests;
				PRODUCT_NAME = "$(TARGET_NAME)";
				SWIFT_SWIFT3_OBJC_INFERENCE = On;
				SWIFT_VERSION = 4.0;
				TEST_HOST = "$(BUILT_PRODUCTS_DIR)/FireRoad.app/FireRoad";
			};
			name = Debug;
		};
		9646CFF31EB921FF005F87CB /* Release */ = {
			isa = XCBuildConfiguration;
			buildSettings = {
				ALWAYS_EMBED_SWIFT_STANDARD_LIBRARIES = YES;
				BUNDLE_LOADER = "$(TEST_HOST)";
				DEVELOPMENT_TEAM = PTB6T29SN3;
				INFOPLIST_FILE = FireRoadTests/Info.plist;
				LD_RUNPATH_SEARCH_PATHS = "$(inherited) @executable_path/Frameworks @loader_path/Frameworks";
				PRODUCT_BUNDLE_IDENTIFIER = com.base12innovations.FireRoadTests;
				PRODUCT_NAME = "$(TARGET_NAME)";
				SWIFT_SWIFT3_OBJC_INFERENCE = On;
				SWIFT_VERSION = 4.0;
				TEST_HOST = "$(BUILT_PRODUCTS_DIR)/FireRoad.app/FireRoad";
			};
			name = Release;
		};
/* End XCBuildConfiguration section */

/* Begin XCConfigurationList section */
		9646CFCA1EB921FE005F87CB /* Build configuration list for PBXProject "FireRoad" */ = {
			isa = XCConfigurationList;
			buildConfigurations = (
				9646CFEC1EB921FF005F87CB /* Debug */,
				9646CFED1EB921FF005F87CB /* Release */,
			);
			defaultConfigurationIsVisible = 0;
			defaultConfigurationName = Release;
		};
		9646CFEE1EB921FF005F87CB /* Build configuration list for PBXNativeTarget "FireRoad" */ = {
			isa = XCConfigurationList;
			buildConfigurations = (
				9646CFEF1EB921FF005F87CB /* Debug */,
				9646CFF01EB921FF005F87CB /* Release */,
			);
			defaultConfigurationIsVisible = 0;
			defaultConfigurationName = Release;
		};
		9646CFF11EB921FF005F87CB /* Build configuration list for PBXNativeTarget "FireRoadTests" */ = {
			isa = XCConfigurationList;
			buildConfigurations = (
				9646CFF21EB921FF005F87CB /* Debug */,
				9646CFF31EB921FF005F87CB /* Release */,
			);
			defaultConfigurationIsVisible = 0;
			defaultConfigurationName = Release;
		};
/* End XCConfigurationList section */
	};
	rootObject = 9646CFC71EB921FE005F87CB /* Project object */;
}
